
Microsoft Visual Studio Solution File, Format Version 12.00
# Visual Studio Version 17
VisualStudioVersion = 17.1.32210.238
MinimumVisualStudioVersion = 10.0.40219.1
Project("{2150E333-8FDC-42A3-9474-1A3956D46DE8}") = "src", "src", "{4996A61A-00E1-4363-9BC7-1F877E4AD933}"
EndProject
Project("{2150E333-8FDC-42A3-9474-1A3956D46DE8}") = "samples", "samples", "{8FCDFF68-9BCF-499B-8E2D-7E08E824F40A}"
EndProject
Project("{9A19103F-16F7-4668-BE54-9A1E7A4F7556}") = "Cofoundry.Core", "src\Cofoundry.Core\Cofoundry.Core.csproj", "{22E7BFD5-C829-4793-83C6-445944D605F4}"
EndProject
Project("{9A19103F-16F7-4668-BE54-9A1E7A4F7556}") = "Cofoundry.Domain", "src\Cofoundry.Domain\Cofoundry.Domain.csproj", "{7F758F8D-D973-4DB5-84D6-B8A5C795A1CB}"
EndProject
Project("{9A19103F-16F7-4668-BE54-9A1E7A4F7556}") = "Cofoundry.Web", "src\Cofoundry.Web\Cofoundry.Web.csproj", "{EB7DB360-013B-4F22-BD81-7AA26ECF5120}"
EndProject
Project("{9A19103F-16F7-4668-BE54-9A1E7A4F7556}") = "Cofoundry.Web.Admin", "src\Cofoundry.Web.Admin\Cofoundry.Web.Admin.csproj", "{C168F1B9-A30D-429A-B8A1-E77991167E0D}"
EndProject
Project("{9A19103F-16F7-4668-BE54-9A1E7A4F7556}") = "Cofoundry.BasicTestSite", "src\Cofoundry.BasicTestSite\Cofoundry.BasicTestSite.csproj", "{F18AD5CE-1929-47D8-9028-C1CE0B77E1B1}"
EndProject
Project("{9A19103F-16F7-4668-BE54-9A1E7A4F7556}") = "Cofoundry.Core.Tests", "test\Cofoundry.Core.Tests\Cofoundry.Core.Tests.csproj", "{A1700147-1310-4DBA-80DA-B157F57F8A7C}"
EndProject
Project("{9A19103F-16F7-4668-BE54-9A1E7A4F7556}") = "Cofoundry.Domain.Tests", "test\Cofoundry.Domain.Tests\Cofoundry.Domain.Tests.csproj", "{275C85A3-98AA-4554-9B03-D288E904CC37}"
EndProject
Project("{9A19103F-16F7-4668-BE54-9A1E7A4F7556}") = "Cofoundry.Web.Admin.Tests", "test\Cofoundry.Web.Admin.Tests\Cofoundry.Web.Admin.Tests.csproj", "{70AB99F5-8E90-4AAD-B844-3BC1F3F50330}"
EndProject
Project("{9A19103F-16F7-4668-BE54-9A1E7A4F7556}") = "Cofoundry.Domain.Tests.Integration", "test\Cofoundry.Domain.Tests.Integration\Cofoundry.Domain.Tests.Integration.csproj", "{8585A1DE-EBE5-49CD-B900-BB2514D36304}"
EndProject
Project("{9A19103F-16F7-4668-BE54-9A1E7A4F7556}") = "Cofoundry.Domain.Tests.Shared", "test\Cofoundry.Domain.Tests.Shared\Cofoundry.Domain.Tests.Shared.csproj", "{82FF7D56-3FC3-46A4-91FF-97A198F7B170}"
EndProject
Project("{9A19103F-16F7-4668-BE54-9A1E7A4F7556}") = "Cofoundry.Web.Tests", "test\Cofoundry.Web.Tests\Cofoundry.Web.Tests.csproj", "{EE28E561-3DCA-441D-AC98-19A350E354FC}"
EndProject
Project("{9A19103F-16F7-4668-BE54-9A1E7A4F7556}") = "Cofoundry.Web.Tests.Integration", "test\Cofoundry.Web.Tests.Integration\Cofoundry.Web.Tests.Integration.csproj", "{2CC4BFD9-E498-4991-9BB2-EC084FBC3353}"
EndProject
Project("{2150E333-8FDC-42A3-9474-1A3956D46DE8}") = "plugins", "plugins", "{C5D55C03-F2AD-4DB7-A3B0-B7BB64029E4B}"
EndProject
Project("{9A19103F-16F7-4668-BE54-9A1E7A4F7556}") = "Cofoundry.Plugins.Azure", "src\Cofoundry.Plugins\Cofoundry.Plugins.Azure\Cofoundry.Plugins.Azure\Cofoundry.Plugins.Azure.csproj", "{883632A4-7D37-496E-9844-D0B2C118C51C}"
EndProject
Project("{2150E333-8FDC-42A3-9474-1A3956D46DE8}") = "Azure", "Azure", "{F6F4FFFC-FB00-4604-A4DF-DBCDD648D531}"
	ProjectSection(SolutionItems) = preProject
		src\Cofoundry.Plugins\Cofoundry.Plugins.Azure\README.md = src\Cofoundry.Plugins\Cofoundry.Plugins.Azure\README.md
	EndProjectSection
EndProject
Project("{9A19103F-16F7-4668-BE54-9A1E7A4F7556}") = "Cofoundry.Plugins.BackgroundTasks.Hangfire", "src\Cofoundry.Plugins\Cofoundry.Plugins.BackgroundTasks.Hangfire\Cofoundry.Plugins.BackgroundTasks.Hangfire\Cofoundry.Plugins.BackgroundTasks.Hangfire.csproj", "{898DCAC1-18AA-437A-BE24-B57FA47D174B}"
EndProject
Project("{2150E333-8FDC-42A3-9474-1A3956D46DE8}") = "BackgroundTasks.Hangfire", "BackgroundTasks.Hangfire", "{E3274C98-899C-4B60-B96E-61122794E8AE}"
	ProjectSection(SolutionItems) = preProject
		src\Cofoundry.Plugins\Cofoundry.Plugins.BackgroundTasks.Hangfire\README.md = src\Cofoundry.Plugins\Cofoundry.Plugins.BackgroundTasks.Hangfire\README.md
	EndProjectSection
EndProject
Project("{9A19103F-16F7-4668-BE54-9A1E7A4F7556}") = "HangfireSample", "src\Cofoundry.Plugins\Cofoundry.Plugins.BackgroundTasks.Hangfire\HangfireSample\HangfireSample.csproj", "{55D59EF8-FDF8-4ED4-B16D-26169B3FC02D}"
EndProject
Project("{2150E333-8FDC-42A3-9474-1A3956D46DE8}") = "test", "test", "{ABEBED1D-E992-4418-BB01-7BD6335C3C03}"
	ProjectSection(SolutionItems) = preProject
		test\docker-compose.test.yml = test\docker-compose.test.yml
		test\README.md = test\README.md
	EndProjectSection
EndProject
Project("{9A19103F-16F7-4668-BE54-9A1E7A4F7556}") = "Cofoundry.Plugins.Azure.Tests", "test\Cofoundry.Plugins.Tests\Cofoundry.Plugins.Azure.Tests\Cofoundry.Plugins.Azure.Tests.csproj", "{0D5495C7-4934-4440-8673-19B7FB10E7F8}"
EndProject
Project("{2150E333-8FDC-42A3-9474-1A3956D46DE8}") = "ErrorLogging", "ErrorLogging", "{F18C8FFD-CA34-4D99-9F55-EAF8D45FF083}"
	ProjectSection(SolutionItems) = preProject
		src\Cofoundry.Plugins\Cofoundry.Plugins.ErrorLogging\README.md = src\Cofoundry.Plugins\Cofoundry.Plugins.ErrorLogging\README.md
	EndProjectSection
EndProject
Project("{9A19103F-16F7-4668-BE54-9A1E7A4F7556}") = "Cofoundry.Plugins.ErrorLogging", "src\Cofoundry.Plugins\Cofoundry.Plugins.ErrorLogging\Cofoundry.Plugins.ErrorLogging\Cofoundry.Plugins.ErrorLogging.csproj", "{44778E26-08C7-48AC-AFCF-BE44165CD5A1}"
EndProject
Project("{9A19103F-16F7-4668-BE54-9A1E7A4F7556}") = "Cofoundry.Plugins.ErrorLogging.Admin", "src\Cofoundry.Plugins\Cofoundry.Plugins.ErrorLogging\Cofoundry.Plugins.ErrorLogging.Admin\Cofoundry.Plugins.ErrorLogging.Admin.csproj", "{5C9B73EA-BB35-45AE-BE0C-22AA6ACE95DA}"
EndProject
Project("{9A19103F-16F7-4668-BE54-9A1E7A4F7556}") = "ErrorLoggingExample", "src\Cofoundry.Plugins\Cofoundry.Plugins.ErrorLogging\ErrorLoggingExample\ErrorLoggingExample.csproj", "{5F41DC01-64FB-41D4-A25B-CFE563F60CE3}"
EndProject
Project("{2150E333-8FDC-42A3-9474-1A3956D46DE8}") = "Imaging.ImageSharp", "Imaging.ImageSharp", "{7D2F0A5C-D5A7-4791-9E55-C382C52F933F}"
	ProjectSection(SolutionItems) = preProject
		src\Cofoundry.Plugins\Cofoundry.Plugins.Imaging.ImageSharp\README.md = src\Cofoundry.Plugins\Cofoundry.Plugins.Imaging.ImageSharp\README.md
	EndProjectSection
EndProject
Project("{9A19103F-16F7-4668-BE54-9A1E7A4F7556}") = "Cofoundry.Plugins.Imaging.ImageSharp", "src\Cofoundry.Plugins\Cofoundry.Plugins.Imaging.ImageSharp\Cofoundry.Plugins.Imaging.ImageSharp\Cofoundry.Plugins.Imaging.ImageSharp.csproj", "{83112E76-5984-40F1-B5F9-1B92C78F9208}"
EndProject
Project("{9A19103F-16F7-4668-BE54-9A1E7A4F7556}") = "ImageSharpExample", "src\Cofoundry.Plugins\Cofoundry.Plugins.Imaging.ImageSharp\ImageSharpExample\ImageSharpExample.csproj", "{38E1D540-5C5D-4F81-9A96-58F4DB33667F}"
EndProject
Project("{2150E333-8FDC-42A3-9474-1A3956D46DE8}") = "Imaging.SkiaSharp", "Imaging.SkiaSharp", "{3B2455A4-E53F-4E8F-83A2-21A9528ACD4F}"
	ProjectSection(SolutionItems) = preProject
		src\Cofoundry.Plugins\Cofoundry.Plugins.Imaging.SkiaSharp\README.md = src\Cofoundry.Plugins\Cofoundry.Plugins.Imaging.SkiaSharp\README.md
	EndProjectSection
EndProject
Project("{9A19103F-16F7-4668-BE54-9A1E7A4F7556}") = "Cofoundry.Plugins.Imaging.SkiaSharp", "src\Cofoundry.Plugins\Cofoundry.Plugins.Imaging.SkiaSharp\Cofoundry.Plugins.Imaging.SkiaSharp\Cofoundry.Plugins.Imaging.SkiaSharp.csproj", "{6EB01163-020A-4F66-877A-9CD5F5D2078E}"
EndProject
Project("{9A19103F-16F7-4668-BE54-9A1E7A4F7556}") = "SkiaSharpExample", "src\Cofoundry.Plugins\Cofoundry.Plugins.Imaging.SkiaSharp\SkiaSharpExample\SkiaSharpExample.csproj", "{8513C7C7-5A36-4571-B7D6-B2610874D18C}"
EndProject
Project("{9A19103F-16F7-4668-BE54-9A1E7A4F7556}") = "Cofoundry.Plugins.Imaging.SkiaSharp.Tests", "test\Cofoundry.Plugins.Tests\Cofoundry.Plugins.Imaging.SkiaSharp.Tests\Cofoundry.Plugins.Imaging.SkiaSharp.Tests.csproj", "{97F72C95-A3E6-4FE3-B921-5B4A2A3CBC09}"
EndProject
Project("{2150E333-8FDC-42A3-9474-1A3956D46DE8}") = "Mail.MailKit", "Mail.MailKit", "{EE903929-8E76-42D2-9397-D19BB429518C}"
	ProjectSection(SolutionItems) = preProject
		src\Cofoundry.Plugins\Cofoundry.Plugins.Mail.MailKit\README.md = src\Cofoundry.Plugins\Cofoundry.Plugins.Mail.MailKit\README.md
	EndProjectSection
EndProject
Project("{9A19103F-16F7-4668-BE54-9A1E7A4F7556}") = "Cofoundry.Plugins.Mail.MailKit", "src\Cofoundry.Plugins\Cofoundry.Plugins.Mail.MailKit\Cofoundry.Plugins.Mail.MailKit\Cofoundry.Plugins.Mail.MailKit.csproj", "{17673507-9B76-4F70-9A39-E5DBF36ACA8D}"
EndProject
Project("{9A19103F-16F7-4668-BE54-9A1E7A4F7556}") = "MailKitExample", "src\Cofoundry.Plugins\Cofoundry.Plugins.Mail.MailKit\MailKitExample\MailKitExample.csproj", "{DA8944AA-1D85-4382-9540-41DA70A03369}"
EndProject
Project("{2150E333-8FDC-42A3-9474-1A3956D46DE8}") = "Mail.SendGrid", "Mail.SendGrid", "{C08628A4-B7AA-4A06-A4CF-D4D769A5CD01}"
	ProjectSection(SolutionItems) = preProject
		src\Cofoundry.Plugins\Cofoundry.Plugins.Mail.SendGrid\README.md = src\Cofoundry.Plugins\Cofoundry.Plugins.Mail.SendGrid\README.md
	EndProjectSection
EndProject
Project("{9A19103F-16F7-4668-BE54-9A1E7A4F7556}") = "Cofoundry.Plugins.Mail.SendGrid", "src\Cofoundry.Plugins\Cofoundry.Plugins.Mail.SendGrid\Cofoundry.Plugins.Mail.SendGrid\Cofoundry.Plugins.Mail.SendGrid.csproj", "{5665C520-BE82-470A-96E7-9F0B515DB0E5}"
EndProject
Project("{9A19103F-16F7-4668-BE54-9A1E7A4F7556}") = "SendGridExample", "src\Cofoundry.Plugins\Cofoundry.Plugins.Mail.SendGrid\SendGridExample\SendGridExample.csproj", "{15ACB756-6A61-4E2C-A2AE-C5867751EB8F}"
EndProject
Project("{2150E333-8FDC-42A3-9474-1A3956D46DE8}") = "SiteMap", "SiteMap", "{E3D9BD2E-DCE8-4A7F-A19A-693083C7CFEB}"
	ProjectSection(SolutionItems) = preProject
		src\Cofoundry.Plugins\Cofoundry.Plugins.SiteMap\README.md = src\Cofoundry.Plugins\Cofoundry.Plugins.SiteMap\README.md
	EndProjectSection
EndProject
Project("{9A19103F-16F7-4668-BE54-9A1E7A4F7556}") = "Cofoundry.Plugins.SiteMap", "src\Cofoundry.Plugins\Cofoundry.Plugins.SiteMap\Cofoundry.Plugins.SiteMap\Cofoundry.Plugins.SiteMap.csproj", "{0BDAAEEF-FF06-480E-A948-4D3F9A5F6C58}"
EndProject
Project("{9A19103F-16F7-4668-BE54-9A1E7A4F7556}") = "SitemapExample", "src\Cofoundry.Plugins\Cofoundry.Plugins.SiteMap\SitemapExample\SitemapExample.csproj", "{C5969778-88D5-441C-B0AF-420C5AC67304}"
EndProject
Project("{2150E333-8FDC-42A3-9474-1A3956D46DE8}") = "Vimeo", "Vimeo", "{795B1930-28AC-404C-9328-EBF01713ACE8}"
	ProjectSection(SolutionItems) = preProject
		src\Cofoundry.Plugins\Cofoundry.Plugins.Vimeo\README.md = src\Cofoundry.Plugins\Cofoundry.Plugins.Vimeo\README.md
	EndProjectSection
EndProject
Project("{9A19103F-16F7-4668-BE54-9A1E7A4F7556}") = "Cofoundry.Plugins.Vimeo.Domain", "src\Cofoundry.Plugins\Cofoundry.Plugins.Vimeo\Cofoundry.Plugins.Vimeo.Domain\Cofoundry.Plugins.Vimeo.Domain.csproj", "{002632C2-D103-4B19-9759-81DF54CB0B1F}"
EndProject
Project("{9A19103F-16F7-4668-BE54-9A1E7A4F7556}") = "Cofoundry.Plugins.Vimeo.Admin", "src\Cofoundry.Plugins\Cofoundry.Plugins.Vimeo\Cofoundry.Plugins.Vimeo.Admin\Cofoundry.Plugins.Vimeo.Admin.csproj", "{43B7FEB0-72B4-406D-8372-DCB2DB7B6CF8}"
EndProject
Project("{9A19103F-16F7-4668-BE54-9A1E7A4F7556}") = "Cofoundry.Plugins.Vimeo", "src\Cofoundry.Plugins\Cofoundry.Plugins.Vimeo\Cofoundry.Plugins.Vimeo\Cofoundry.Plugins.Vimeo.csproj", "{0EF8A66F-773E-4EC6-8521-ED76842CFBD7}"
EndProject
Project("{9A19103F-16F7-4668-BE54-9A1E7A4F7556}") = "VimeoExample", "src\Cofoundry.Plugins\Cofoundry.Plugins.Vimeo\VimeoExample\VimeoExample.csproj", "{071CEA93-19F6-4D7D-88B1-FBC25D786C1C}"
EndProject
Project("{2150E333-8FDC-42A3-9474-1A3956D46DE8}") = "YouTube", "YouTube", "{940AF760-EC11-48CD-A4E8-FFCB988A45E1}"
	ProjectSection(SolutionItems) = preProject
		src\Cofoundry.Plugins\Cofoundry.Plugins.YouTube\README.md = src\Cofoundry.Plugins\Cofoundry.Plugins.YouTube\README.md
	EndProjectSection
EndProject
Project("{9A19103F-16F7-4668-BE54-9A1E7A4F7556}") = "Cofoundry.Plugins.YouTube.Domain", "src\Cofoundry.Plugins\Cofoundry.Plugins.YouTube\Cofoundry.Plugins.YouTube.Domain\Cofoundry.Plugins.YouTube.Domain.csproj", "{E8544A26-3918-44B6-A1E4-E2CF20C0291E}"
EndProject
Project("{9A19103F-16F7-4668-BE54-9A1E7A4F7556}") = "Cofoundry.Plugins.YouTube.Admin", "src\Cofoundry.Plugins\Cofoundry.Plugins.YouTube\Cofoundry.Plugins.YouTube.Admin\Cofoundry.Plugins.YouTube.Admin.csproj", "{47C53D36-2F00-4374-B0B7-66302EB2C736}"
EndProject
Project("{9A19103F-16F7-4668-BE54-9A1E7A4F7556}") = "Cofoundry.Plugins.YouTube", "src\Cofoundry.Plugins\Cofoundry.Plugins.YouTube\Cofoundry.Plugins.YouTube\Cofoundry.Plugins.YouTube.csproj", "{D98B6B5E-0E54-4F44-823F-B1B73A098955}"
EndProject
Project("{9A19103F-16F7-4668-BE54-9A1E7A4F7556}") = "YouTubeExample", "src\Cofoundry.Plugins\Cofoundry.Plugins.YouTube\YouTubeExample\YouTubeExample.csproj", "{0AF931E3-FC46-498C-A3AA-93F10635D3E2}"
EndProject
Global
	GlobalSection(SolutionConfigurationPlatforms) = preSolution
		Debug|Any CPU = Debug|Any CPU
		Release|Any CPU = Release|Any CPU
	EndGlobalSection
	GlobalSection(ProjectConfigurationPlatforms) = postSolution
		{22E7BFD5-C829-4793-83C6-445944D605F4}.Debug|Any CPU.ActiveCfg = Debug|Any CPU
		{22E7BFD5-C829-4793-83C6-445944D605F4}.Debug|Any CPU.Build.0 = Debug|Any CPU
		{22E7BFD5-C829-4793-83C6-445944D605F4}.Release|Any CPU.ActiveCfg = Release|Any CPU
		{22E7BFD5-C829-4793-83C6-445944D605F4}.Release|Any CPU.Build.0 = Release|Any CPU
		{7F758F8D-D973-4DB5-84D6-B8A5C795A1CB}.Debug|Any CPU.ActiveCfg = Debug|Any CPU
		{7F758F8D-D973-4DB5-84D6-B8A5C795A1CB}.Debug|Any CPU.Build.0 = Debug|Any CPU
		{7F758F8D-D973-4DB5-84D6-B8A5C795A1CB}.Release|Any CPU.ActiveCfg = Release|Any CPU
		{7F758F8D-D973-4DB5-84D6-B8A5C795A1CB}.Release|Any CPU.Build.0 = Release|Any CPU
		{EB7DB360-013B-4F22-BD81-7AA26ECF5120}.Debug|Any CPU.ActiveCfg = Debug|Any CPU
		{EB7DB360-013B-4F22-BD81-7AA26ECF5120}.Debug|Any CPU.Build.0 = Debug|Any CPU
		{EB7DB360-013B-4F22-BD81-7AA26ECF5120}.Release|Any CPU.ActiveCfg = Release|Any CPU
		{EB7DB360-013B-4F22-BD81-7AA26ECF5120}.Release|Any CPU.Build.0 = Release|Any CPU
		{C168F1B9-A30D-429A-B8A1-E77991167E0D}.Debug|Any CPU.ActiveCfg = Debug|Any CPU
		{C168F1B9-A30D-429A-B8A1-E77991167E0D}.Debug|Any CPU.Build.0 = Debug|Any CPU
		{C168F1B9-A30D-429A-B8A1-E77991167E0D}.Release|Any CPU.ActiveCfg = Release|Any CPU
		{C168F1B9-A30D-429A-B8A1-E77991167E0D}.Release|Any CPU.Build.0 = Release|Any CPU
		{F18AD5CE-1929-47D8-9028-C1CE0B77E1B1}.Debug|Any CPU.ActiveCfg = Debug|Any CPU
		{F18AD5CE-1929-47D8-9028-C1CE0B77E1B1}.Debug|Any CPU.Build.0 = Debug|Any CPU
		{F18AD5CE-1929-47D8-9028-C1CE0B77E1B1}.Release|Any CPU.ActiveCfg = Release|Any CPU
		{F18AD5CE-1929-47D8-9028-C1CE0B77E1B1}.Release|Any CPU.Build.0 = Release|Any CPU
		{A1700147-1310-4DBA-80DA-B157F57F8A7C}.Debug|Any CPU.ActiveCfg = Debug|Any CPU
		{A1700147-1310-4DBA-80DA-B157F57F8A7C}.Debug|Any CPU.Build.0 = Debug|Any CPU
		{A1700147-1310-4DBA-80DA-B157F57F8A7C}.Release|Any CPU.ActiveCfg = Release|Any CPU
		{A1700147-1310-4DBA-80DA-B157F57F8A7C}.Release|Any CPU.Build.0 = Release|Any CPU
		{275C85A3-98AA-4554-9B03-D288E904CC37}.Debug|Any CPU.ActiveCfg = Debug|Any CPU
		{275C85A3-98AA-4554-9B03-D288E904CC37}.Debug|Any CPU.Build.0 = Debug|Any CPU
		{275C85A3-98AA-4554-9B03-D288E904CC37}.Release|Any CPU.ActiveCfg = Release|Any CPU
		{275C85A3-98AA-4554-9B03-D288E904CC37}.Release|Any CPU.Build.0 = Release|Any CPU
		{70AB99F5-8E90-4AAD-B844-3BC1F3F50330}.Debug|Any CPU.ActiveCfg = Debug|Any CPU
		{70AB99F5-8E90-4AAD-B844-3BC1F3F50330}.Debug|Any CPU.Build.0 = Debug|Any CPU
		{70AB99F5-8E90-4AAD-B844-3BC1F3F50330}.Release|Any CPU.ActiveCfg = Release|Any CPU
		{70AB99F5-8E90-4AAD-B844-3BC1F3F50330}.Release|Any CPU.Build.0 = Release|Any CPU
		{8585A1DE-EBE5-49CD-B900-BB2514D36304}.Debug|Any CPU.ActiveCfg = Debug|Any CPU
		{8585A1DE-EBE5-49CD-B900-BB2514D36304}.Debug|Any CPU.Build.0 = Debug|Any CPU
		{8585A1DE-EBE5-49CD-B900-BB2514D36304}.Release|Any CPU.ActiveCfg = Release|Any CPU
		{8585A1DE-EBE5-49CD-B900-BB2514D36304}.Release|Any CPU.Build.0 = Release|Any CPU
		{82FF7D56-3FC3-46A4-91FF-97A198F7B170}.Debug|Any CPU.ActiveCfg = Debug|Any CPU
		{82FF7D56-3FC3-46A4-91FF-97A198F7B170}.Debug|Any CPU.Build.0 = Debug|Any CPU
		{82FF7D56-3FC3-46A4-91FF-97A198F7B170}.Release|Any CPU.ActiveCfg = Release|Any CPU
		{82FF7D56-3FC3-46A4-91FF-97A198F7B170}.Release|Any CPU.Build.0 = Release|Any CPU
		{EE28E561-3DCA-441D-AC98-19A350E354FC}.Debug|Any CPU.ActiveCfg = Debug|Any CPU
		{EE28E561-3DCA-441D-AC98-19A350E354FC}.Debug|Any CPU.Build.0 = Debug|Any CPU
		{EE28E561-3DCA-441D-AC98-19A350E354FC}.Release|Any CPU.ActiveCfg = Release|Any CPU
		{EE28E561-3DCA-441D-AC98-19A350E354FC}.Release|Any CPU.Build.0 = Release|Any CPU
		{2CC4BFD9-E498-4991-9BB2-EC084FBC3353}.Debug|Any CPU.ActiveCfg = Debug|Any CPU
		{2CC4BFD9-E498-4991-9BB2-EC084FBC3353}.Debug|Any CPU.Build.0 = Debug|Any CPU
		{2CC4BFD9-E498-4991-9BB2-EC084FBC3353}.Release|Any CPU.ActiveCfg = Release|Any CPU
		{2CC4BFD9-E498-4991-9BB2-EC084FBC3353}.Release|Any CPU.Build.0 = Release|Any CPU
		{883632A4-7D37-496E-9844-D0B2C118C51C}.Debug|Any CPU.ActiveCfg = Debug|Any CPU
		{883632A4-7D37-496E-9844-D0B2C118C51C}.Debug|Any CPU.Build.0 = Debug|Any CPU
		{883632A4-7D37-496E-9844-D0B2C118C51C}.Release|Any CPU.ActiveCfg = Release|Any CPU
		{883632A4-7D37-496E-9844-D0B2C118C51C}.Release|Any CPU.Build.0 = Release|Any CPU
		{898DCAC1-18AA-437A-BE24-B57FA47D174B}.Debug|Any CPU.ActiveCfg = Debug|Any CPU
		{898DCAC1-18AA-437A-BE24-B57FA47D174B}.Debug|Any CPU.Build.0 = Debug|Any CPU
		{898DCAC1-18AA-437A-BE24-B57FA47D174B}.Release|Any CPU.ActiveCfg = Release|Any CPU
		{898DCAC1-18AA-437A-BE24-B57FA47D174B}.Release|Any CPU.Build.0 = Release|Any CPU
		{55D59EF8-FDF8-4ED4-B16D-26169B3FC02D}.Debug|Any CPU.ActiveCfg = Debug|Any CPU
		{55D59EF8-FDF8-4ED4-B16D-26169B3FC02D}.Debug|Any CPU.Build.0 = Debug|Any CPU
		{55D59EF8-FDF8-4ED4-B16D-26169B3FC02D}.Release|Any CPU.ActiveCfg = Release|Any CPU
		{55D59EF8-FDF8-4ED4-B16D-26169B3FC02D}.Release|Any CPU.Build.0 = Release|Any CPU
		{0D5495C7-4934-4440-8673-19B7FB10E7F8}.Debug|Any CPU.ActiveCfg = Debug|Any CPU
		{0D5495C7-4934-4440-8673-19B7FB10E7F8}.Debug|Any CPU.Build.0 = Debug|Any CPU
		{0D5495C7-4934-4440-8673-19B7FB10E7F8}.Release|Any CPU.ActiveCfg = Release|Any CPU
		{0D5495C7-4934-4440-8673-19B7FB10E7F8}.Release|Any CPU.Build.0 = Release|Any CPU
		{44778E26-08C7-48AC-AFCF-BE44165CD5A1}.Debug|Any CPU.ActiveCfg = Debug|Any CPU
		{44778E26-08C7-48AC-AFCF-BE44165CD5A1}.Debug|Any CPU.Build.0 = Debug|Any CPU
		{44778E26-08C7-48AC-AFCF-BE44165CD5A1}.Release|Any CPU.ActiveCfg = Release|Any CPU
		{44778E26-08C7-48AC-AFCF-BE44165CD5A1}.Release|Any CPU.Build.0 = Release|Any CPU
		{5C9B73EA-BB35-45AE-BE0C-22AA6ACE95DA}.Debug|Any CPU.ActiveCfg = Debug|Any CPU
		{5C9B73EA-BB35-45AE-BE0C-22AA6ACE95DA}.Debug|Any CPU.Build.0 = Debug|Any CPU
		{5C9B73EA-BB35-45AE-BE0C-22AA6ACE95DA}.Release|Any CPU.ActiveCfg = Release|Any CPU
		{5C9B73EA-BB35-45AE-BE0C-22AA6ACE95DA}.Release|Any CPU.Build.0 = Release|Any CPU
		{5F41DC01-64FB-41D4-A25B-CFE563F60CE3}.Debug|Any CPU.ActiveCfg = Debug|Any CPU
		{5F41DC01-64FB-41D4-A25B-CFE563F60CE3}.Debug|Any CPU.Build.0 = Debug|Any CPU
		{5F41DC01-64FB-41D4-A25B-CFE563F60CE3}.Release|Any CPU.ActiveCfg = Release|Any CPU
		{5F41DC01-64FB-41D4-A25B-CFE563F60CE3}.Release|Any CPU.Build.0 = Release|Any CPU
		{83112E76-5984-40F1-B5F9-1B92C78F9208}.Debug|Any CPU.ActiveCfg = Debug|Any CPU
		{83112E76-5984-40F1-B5F9-1B92C78F9208}.Debug|Any CPU.Build.0 = Debug|Any CPU
		{83112E76-5984-40F1-B5F9-1B92C78F9208}.Release|Any CPU.ActiveCfg = Release|Any CPU
		{83112E76-5984-40F1-B5F9-1B92C78F9208}.Release|Any CPU.Build.0 = Release|Any CPU
		{38E1D540-5C5D-4F81-9A96-58F4DB33667F}.Debug|Any CPU.ActiveCfg = Debug|Any CPU
		{38E1D540-5C5D-4F81-9A96-58F4DB33667F}.Debug|Any CPU.Build.0 = Debug|Any CPU
		{38E1D540-5C5D-4F81-9A96-58F4DB33667F}.Release|Any CPU.ActiveCfg = Release|Any CPU
		{38E1D540-5C5D-4F81-9A96-58F4DB33667F}.Release|Any CPU.Build.0 = Release|Any CPU
		{6EB01163-020A-4F66-877A-9CD5F5D2078E}.Debug|Any CPU.ActiveCfg = Debug|Any CPU
		{6EB01163-020A-4F66-877A-9CD5F5D2078E}.Debug|Any CPU.Build.0 = Debug|Any CPU
		{6EB01163-020A-4F66-877A-9CD5F5D2078E}.Release|Any CPU.ActiveCfg = Release|Any CPU
		{6EB01163-020A-4F66-877A-9CD5F5D2078E}.Release|Any CPU.Build.0 = Release|Any CPU
		{8513C7C7-5A36-4571-B7D6-B2610874D18C}.Debug|Any CPU.ActiveCfg = Debug|Any CPU
		{8513C7C7-5A36-4571-B7D6-B2610874D18C}.Debug|Any CPU.Build.0 = Debug|Any CPU
		{8513C7C7-5A36-4571-B7D6-B2610874D18C}.Release|Any CPU.ActiveCfg = Release|Any CPU
		{8513C7C7-5A36-4571-B7D6-B2610874D18C}.Release|Any CPU.Build.0 = Release|Any CPU
		{97F72C95-A3E6-4FE3-B921-5B4A2A3CBC09}.Debug|Any CPU.ActiveCfg = Debug|Any CPU
		{97F72C95-A3E6-4FE3-B921-5B4A2A3CBC09}.Debug|Any CPU.Build.0 = Debug|Any CPU
		{97F72C95-A3E6-4FE3-B921-5B4A2A3CBC09}.Release|Any CPU.ActiveCfg = Release|Any CPU
		{97F72C95-A3E6-4FE3-B921-5B4A2A3CBC09}.Release|Any CPU.Build.0 = Release|Any CPU
		{17673507-9B76-4F70-9A39-E5DBF36ACA8D}.Debug|Any CPU.ActiveCfg = Debug|Any CPU
		{17673507-9B76-4F70-9A39-E5DBF36ACA8D}.Debug|Any CPU.Build.0 = Debug|Any CPU
		{17673507-9B76-4F70-9A39-E5DBF36ACA8D}.Release|Any CPU.ActiveCfg = Release|Any CPU
		{17673507-9B76-4F70-9A39-E5DBF36ACA8D}.Release|Any CPU.Build.0 = Release|Any CPU
		{DA8944AA-1D85-4382-9540-41DA70A03369}.Debug|Any CPU.ActiveCfg = Debug|Any CPU
		{DA8944AA-1D85-4382-9540-41DA70A03369}.Debug|Any CPU.Build.0 = Debug|Any CPU
		{DA8944AA-1D85-4382-9540-41DA70A03369}.Release|Any CPU.ActiveCfg = Release|Any CPU
		{DA8944AA-1D85-4382-9540-41DA70A03369}.Release|Any CPU.Build.0 = Release|Any CPU
		{5665C520-BE82-470A-96E7-9F0B515DB0E5}.Debug|Any CPU.ActiveCfg = Debug|Any CPU
		{5665C520-BE82-470A-96E7-9F0B515DB0E5}.Debug|Any CPU.Build.0 = Debug|Any CPU
		{5665C520-BE82-470A-96E7-9F0B515DB0E5}.Release|Any CPU.ActiveCfg = Release|Any CPU
		{5665C520-BE82-470A-96E7-9F0B515DB0E5}.Release|Any CPU.Build.0 = Release|Any CPU
		{15ACB756-6A61-4E2C-A2AE-C5867751EB8F}.Debug|Any CPU.ActiveCfg = Debug|Any CPU
		{15ACB756-6A61-4E2C-A2AE-C5867751EB8F}.Debug|Any CPU.Build.0 = Debug|Any CPU
		{15ACB756-6A61-4E2C-A2AE-C5867751EB8F}.Release|Any CPU.ActiveCfg = Release|Any CPU
		{15ACB756-6A61-4E2C-A2AE-C5867751EB8F}.Release|Any CPU.Build.0 = Release|Any CPU
		{0BDAAEEF-FF06-480E-A948-4D3F9A5F6C58}.Debug|Any CPU.ActiveCfg = Debug|Any CPU
		{0BDAAEEF-FF06-480E-A948-4D3F9A5F6C58}.Debug|Any CPU.Build.0 = Debug|Any CPU
		{0BDAAEEF-FF06-480E-A948-4D3F9A5F6C58}.Release|Any CPU.ActiveCfg = Release|Any CPU
		{0BDAAEEF-FF06-480E-A948-4D3F9A5F6C58}.Release|Any CPU.Build.0 = Release|Any CPU
		{C5969778-88D5-441C-B0AF-420C5AC67304}.Debug|Any CPU.ActiveCfg = Debug|Any CPU
		{C5969778-88D5-441C-B0AF-420C5AC67304}.Debug|Any CPU.Build.0 = Debug|Any CPU
		{C5969778-88D5-441C-B0AF-420C5AC67304}.Release|Any CPU.ActiveCfg = Release|Any CPU
		{C5969778-88D5-441C-B0AF-420C5AC67304}.Release|Any CPU.Build.0 = Release|Any CPU
		{002632C2-D103-4B19-9759-81DF54CB0B1F}.Debug|Any CPU.ActiveCfg = Debug|Any CPU
		{002632C2-D103-4B19-9759-81DF54CB0B1F}.Debug|Any CPU.Build.0 = Debug|Any CPU
		{002632C2-D103-4B19-9759-81DF54CB0B1F}.Release|Any CPU.ActiveCfg = Release|Any CPU
		{002632C2-D103-4B19-9759-81DF54CB0B1F}.Release|Any CPU.Build.0 = Release|Any CPU
		{43B7FEB0-72B4-406D-8372-DCB2DB7B6CF8}.Debug|Any CPU.ActiveCfg = Debug|Any CPU
		{43B7FEB0-72B4-406D-8372-DCB2DB7B6CF8}.Debug|Any CPU.Build.0 = Debug|Any CPU
		{43B7FEB0-72B4-406D-8372-DCB2DB7B6CF8}.Release|Any CPU.ActiveCfg = Release|Any CPU
		{43B7FEB0-72B4-406D-8372-DCB2DB7B6CF8}.Release|Any CPU.Build.0 = Release|Any CPU
		{0EF8A66F-773E-4EC6-8521-ED76842CFBD7}.Debug|Any CPU.ActiveCfg = Debug|Any CPU
		{0EF8A66F-773E-4EC6-8521-ED76842CFBD7}.Debug|Any CPU.Build.0 = Debug|Any CPU
		{0EF8A66F-773E-4EC6-8521-ED76842CFBD7}.Release|Any CPU.ActiveCfg = Release|Any CPU
		{0EF8A66F-773E-4EC6-8521-ED76842CFBD7}.Release|Any CPU.Build.0 = Release|Any CPU
		{071CEA93-19F6-4D7D-88B1-FBC25D786C1C}.Debug|Any CPU.ActiveCfg = Debug|Any CPU
		{071CEA93-19F6-4D7D-88B1-FBC25D786C1C}.Debug|Any CPU.Build.0 = Debug|Any CPU
		{071CEA93-19F6-4D7D-88B1-FBC25D786C1C}.Release|Any CPU.ActiveCfg = Release|Any CPU
		{071CEA93-19F6-4D7D-88B1-FBC25D786C1C}.Release|Any CPU.Build.0 = Release|Any CPU
		{E8544A26-3918-44B6-A1E4-E2CF20C0291E}.Debug|Any CPU.ActiveCfg = Debug|Any CPU
		{E8544A26-3918-44B6-A1E4-E2CF20C0291E}.Debug|Any CPU.Build.0 = Debug|Any CPU
		{E8544A26-3918-44B6-A1E4-E2CF20C0291E}.Release|Any CPU.ActiveCfg = Release|Any CPU
		{E8544A26-3918-44B6-A1E4-E2CF20C0291E}.Release|Any CPU.Build.0 = Release|Any CPU
		{47C53D36-2F00-4374-B0B7-66302EB2C736}.Debug|Any CPU.ActiveCfg = Debug|Any CPU
		{47C53D36-2F00-4374-B0B7-66302EB2C736}.Debug|Any CPU.Build.0 = Debug|Any CPU
		{47C53D36-2F00-4374-B0B7-66302EB2C736}.Release|Any CPU.ActiveCfg = Release|Any CPU
		{47C53D36-2F00-4374-B0B7-66302EB2C736}.Release|Any CPU.Build.0 = Release|Any CPU
		{D98B6B5E-0E54-4F44-823F-B1B73A098955}.Debug|Any CPU.ActiveCfg = Debug|Any CPU
		{D98B6B5E-0E54-4F44-823F-B1B73A098955}.Debug|Any CPU.Build.0 = Debug|Any CPU
		{D98B6B5E-0E54-4F44-823F-B1B73A098955}.Release|Any CPU.ActiveCfg = Release|Any CPU
		{D98B6B5E-0E54-4F44-823F-B1B73A098955}.Release|Any CPU.Build.0 = Release|Any CPU
		{0AF931E3-FC46-498C-A3AA-93F10635D3E2}.Debug|Any CPU.ActiveCfg = Debug|Any CPU
		{0AF931E3-FC46-498C-A3AA-93F10635D3E2}.Debug|Any CPU.Build.0 = Debug|Any CPU
		{0AF931E3-FC46-498C-A3AA-93F10635D3E2}.Release|Any CPU.ActiveCfg = Release|Any CPU
		{0AF931E3-FC46-498C-A3AA-93F10635D3E2}.Release|Any CPU.Build.0 = Release|Any CPU
	EndGlobalSection
	GlobalSection(SolutionProperties) = preSolution
		HideSolutionNode = FALSE
	EndGlobalSection
	GlobalSection(NestedProjects) = preSolution
		{22E7BFD5-C829-4793-83C6-445944D605F4} = {4996A61A-00E1-4363-9BC7-1F877E4AD933}
		{7F758F8D-D973-4DB5-84D6-B8A5C795A1CB} = {4996A61A-00E1-4363-9BC7-1F877E4AD933}
		{EB7DB360-013B-4F22-BD81-7AA26ECF5120} = {4996A61A-00E1-4363-9BC7-1F877E4AD933}
		{C168F1B9-A30D-429A-B8A1-E77991167E0D} = {4996A61A-00E1-4363-9BC7-1F877E4AD933}
		{F18AD5CE-1929-47D8-9028-C1CE0B77E1B1} = {8FCDFF68-9BCF-499B-8E2D-7E08E824F40A}
		{A1700147-1310-4DBA-80DA-B157F57F8A7C} = {ABEBED1D-E992-4418-BB01-7BD6335C3C03}
		{275C85A3-98AA-4554-9B03-D288E904CC37} = {ABEBED1D-E992-4418-BB01-7BD6335C3C03}
		{70AB99F5-8E90-4AAD-B844-3BC1F3F50330} = {ABEBED1D-E992-4418-BB01-7BD6335C3C03}
		{8585A1DE-EBE5-49CD-B900-BB2514D36304} = {ABEBED1D-E992-4418-BB01-7BD6335C3C03}
		{82FF7D56-3FC3-46A4-91FF-97A198F7B170} = {ABEBED1D-E992-4418-BB01-7BD6335C3C03}
		{EE28E561-3DCA-441D-AC98-19A350E354FC} = {ABEBED1D-E992-4418-BB01-7BD6335C3C03}
		{2CC4BFD9-E498-4991-9BB2-EC084FBC3353} = {ABEBED1D-E992-4418-BB01-7BD6335C3C03}
		{883632A4-7D37-496E-9844-D0B2C118C51C} = {F6F4FFFC-FB00-4604-A4DF-DBCDD648D531}
		{F6F4FFFC-FB00-4604-A4DF-DBCDD648D531} = {C5D55C03-F2AD-4DB7-A3B0-B7BB64029E4B}
		{898DCAC1-18AA-437A-BE24-B57FA47D174B} = {E3274C98-899C-4B60-B96E-61122794E8AE}
		{E3274C98-899C-4B60-B96E-61122794E8AE} = {C5D55C03-F2AD-4DB7-A3B0-B7BB64029E4B}
		{55D59EF8-FDF8-4ED4-B16D-26169B3FC02D} = {E3274C98-899C-4B60-B96E-61122794E8AE}
		{0D5495C7-4934-4440-8673-19B7FB10E7F8} = {F6F4FFFC-FB00-4604-A4DF-DBCDD648D531}
		{F18C8FFD-CA34-4D99-9F55-EAF8D45FF083} = {C5D55C03-F2AD-4DB7-A3B0-B7BB64029E4B}
		{44778E26-08C7-48AC-AFCF-BE44165CD5A1} = {F18C8FFD-CA34-4D99-9F55-EAF8D45FF083}
		{5C9B73EA-BB35-45AE-BE0C-22AA6ACE95DA} = {F18C8FFD-CA34-4D99-9F55-EAF8D45FF083}
		{5F41DC01-64FB-41D4-A25B-CFE563F60CE3} = {F18C8FFD-CA34-4D99-9F55-EAF8D45FF083}
		{7D2F0A5C-D5A7-4791-9E55-C382C52F933F} = {C5D55C03-F2AD-4DB7-A3B0-B7BB64029E4B}
		{83112E76-5984-40F1-B5F9-1B92C78F9208} = {7D2F0A5C-D5A7-4791-9E55-C382C52F933F}
		{38E1D540-5C5D-4F81-9A96-58F4DB33667F} = {7D2F0A5C-D5A7-4791-9E55-C382C52F933F}
		{3B2455A4-E53F-4E8F-83A2-21A9528ACD4F} = {C5D55C03-F2AD-4DB7-A3B0-B7BB64029E4B}
		{6EB01163-020A-4F66-877A-9CD5F5D2078E} = {3B2455A4-E53F-4E8F-83A2-21A9528ACD4F}
		{8513C7C7-5A36-4571-B7D6-B2610874D18C} = {3B2455A4-E53F-4E8F-83A2-21A9528ACD4F}
		{97F72C95-A3E6-4FE3-B921-5B4A2A3CBC09} = {3B2455A4-E53F-4E8F-83A2-21A9528ACD4F}
		{EE903929-8E76-42D2-9397-D19BB429518C} = {C5D55C03-F2AD-4DB7-A3B0-B7BB64029E4B}
		{17673507-9B76-4F70-9A39-E5DBF36ACA8D} = {EE903929-8E76-42D2-9397-D19BB429518C}
		{DA8944AA-1D85-4382-9540-41DA70A03369} = {EE903929-8E76-42D2-9397-D19BB429518C}
		{C08628A4-B7AA-4A06-A4CF-D4D769A5CD01} = {C5D55C03-F2AD-4DB7-A3B0-B7BB64029E4B}
		{5665C520-BE82-470A-96E7-9F0B515DB0E5} = {C08628A4-B7AA-4A06-A4CF-D4D769A5CD01}
		{15ACB756-6A61-4E2C-A2AE-C5867751EB8F} = {C08628A4-B7AA-4A06-A4CF-D4D769A5CD01}
		{E3D9BD2E-DCE8-4A7F-A19A-693083C7CFEB} = {C5D55C03-F2AD-4DB7-A3B0-B7BB64029E4B}
		{0BDAAEEF-FF06-480E-A948-4D3F9A5F6C58} = {E3D9BD2E-DCE8-4A7F-A19A-693083C7CFEB}
		{C5969778-88D5-441C-B0AF-420C5AC67304} = {E3D9BD2E-DCE8-4A7F-A19A-693083C7CFEB}
		{795B1930-28AC-404C-9328-EBF01713ACE8} = {C5D55C03-F2AD-4DB7-A3B0-B7BB64029E4B}
		{002632C2-D103-4B19-9759-81DF54CB0B1F} = {795B1930-28AC-404C-9328-EBF01713ACE8}
		{43B7FEB0-72B4-406D-8372-DCB2DB7B6CF8} = {795B1930-28AC-404C-9328-EBF01713ACE8}
		{0EF8A66F-773E-4EC6-8521-ED76842CFBD7} = {795B1930-28AC-404C-9328-EBF01713ACE8}
		{071CEA93-19F6-4D7D-88B1-FBC25D786C1C} = {795B1930-28AC-404C-9328-EBF01713ACE8}
		{940AF760-EC11-48CD-A4E8-FFCB988A45E1} = {C5D55C03-F2AD-4DB7-A3B0-B7BB64029E4B}
		{E8544A26-3918-44B6-A1E4-E2CF20C0291E} = {940AF760-EC11-48CD-A4E8-FFCB988A45E1}
		{47C53D36-2F00-4374-B0B7-66302EB2C736} = {940AF760-EC11-48CD-A4E8-FFCB988A45E1}
		{D98B6B5E-0E54-4F44-823F-B1B73A098955} = {940AF760-EC11-48CD-A4E8-FFCB988A45E1}
		{0AF931E3-FC46-498C-A3AA-93F10635D3E2} = {940AF760-EC11-48CD-A4E8-FFCB988A45E1}
	EndGlobalSection
	GlobalSection(ExtensibilityGlobals) = postSolution
		SolutionGuid = {69E60B88-9077-484B-AD67-D85641B1F45A}
	EndGlobalSection
EndGlobal
