
Microsoft Visual Studio Solution File, Format Version 12.00
# Visual Studio Version 18
VisualStudioVersion = 18.0.11222.15
MinimumVisualStudioVersion = 10.0.40219.1
Project("{2150E333-8FDC-42A3-9474-1A3956D46DE8}") = "src", "src", "{4996A61A-00E1-4363-9BC7-1F877E4AD933}"
	ProjectSection(SolutionItems) = preProject
		src\Directory.Build.props = src\Directory.Build.props
	EndProjectSection
EndProject
Project("{2150E333-8FDC-42A3-9474-1A3956D46DE8}") = "samples", "samples", "{8FCDFF68-9BCF-499B-8E2D-7E08E824F40A}"
	ProjectSection(SolutionItems) = preProject
		samples\Directory.Build.props = samples\Directory.Build.props
		samples\README.md = samples\README.md
	EndProjectSection
EndProject
Project("{9A19103F-16F7-4668-BE54-9A1E7A4F7556}") = "Cofoundry.Core", "src\Cofoundry.Core\Cofoundry.Core.csproj", "{22E7BFD5-C829-4793-83C6-445944D605F4}"
EndProject
Project("{9A19103F-16F7-4668-BE54-9A1E7A4F7556}") = "Cofoundry.Domain", "src\Cofoundry.Domain\Cofoundry.Domain.csproj", "{7F758F8D-D973-4DB5-84D6-B8A5C795A1CB}"
EndProject
Project("{9A19103F-16F7-4668-BE54-9A1E7A4F7556}") = "Cofoundry.Web", "src\Cofoundry.Web\Cofoundry.Web.csproj", "{EB7DB360-013B-4F22-BD81-7AA26ECF5120}"
EndProject
Project("{9A19103F-16F7-4668-BE54-9A1E7A4F7556}") = "Cofoundry.Web.Admin", "src\Cofoundry.Web.Admin\Cofoundry.Web.Admin.csproj", "{C168F1B9-A30D-429A-B8A1-E77991167E0D}"
EndProject
Project("{9A19103F-16F7-4668-BE54-9A1E7A4F7556}") = "Cofoundry.Core.Tests", "test\Cofoundry.Core.Tests\Cofoundry.Core.Tests.csproj", "{A1700147-1310-4DBA-80DA-B157F57F8A7C}"
EndProject
Project("{9A19103F-16F7-4668-BE54-9A1E7A4F7556}") = "Cofoundry.Domain.Tests", "test\Cofoundry.Domain.Tests\Cofoundry.Domain.Tests.csproj", "{275C85A3-98AA-4554-9B03-D288E904CC37}"
EndProject
Project("{9A19103F-16F7-4668-BE54-9A1E7A4F7556}") = "Cofoundry.Web.Admin.Tests", "test\Cofoundry.Web.Admin.Tests\Cofoundry.Web.Admin.Tests.csproj", "{70AB99F5-8E90-4AAD-B844-3BC1F3F50330}"
EndProject
Project("{9A19103F-16F7-4668-BE54-9A1E7A4F7556}") = "Cofoundry.Domain.Tests.Shared", "test\Cofoundry.Domain.Tests.Shared\Cofoundry.Domain.Tests.Shared.csproj", "{82FF7D56-3FC3-46A4-91FF-97A198F7B170}"
EndProject
Project("{9A19103F-16F7-4668-BE54-9A1E7A4F7556}") = "Cofoundry.Web.Tests", "test\Cofoundry.Web.Tests\Cofoundry.Web.Tests.csproj", "{EE28E561-3DCA-441D-AC98-19A350E354FC}"
EndProject
Project("{2150E333-8FDC-42A3-9474-1A3956D46DE8}") = "plugins", "plugins", "{C5D55C03-F2AD-4DB7-A3B0-B7BB64029E4B}"
EndProject
Project("{9A19103F-16F7-4668-BE54-9A1E7A4F7556}") = "Cofoundry.Plugins.Azure", "src\Cofoundry.Plugins\Cofoundry.Plugins.Azure\Cofoundry.Plugins.Azure\Cofoundry.Plugins.Azure.csproj", "{883632A4-7D37-496E-9844-D0B2C118C51C}"
EndProject
Project("{2150E333-8FDC-42A3-9474-1A3956D46DE8}") = "Azure", "Azure", "{F6F4FFFC-FB00-4604-A4DF-DBCDD648D531}"
	ProjectSection(SolutionItems) = preProject
		src\Cofoundry.Plugins\Cofoundry.Plugins.Azure\README.md = src\Cofoundry.Plugins\Cofoundry.Plugins.Azure\README.md
	EndProjectSection
EndProject
Project("{9A19103F-16F7-4668-BE54-9A1E7A4F7556}") = "Cofoundry.Plugins.BackgroundTasks.Hangfire", "src\Cofoundry.Plugins\Cofoundry.Plugins.BackgroundTasks.Hangfire\Cofoundry.Plugins.BackgroundTasks.Hangfire\Cofoundry.Plugins.BackgroundTasks.Hangfire.csproj", "{898DCAC1-18AA-437A-BE24-B57FA47D174B}"
EndProject
Project("{2150E333-8FDC-42A3-9474-1A3956D46DE8}") = "BackgroundTasks.Hangfire", "BackgroundTasks.Hangfire", "{E3274C98-899C-4B60-B96E-61122794E8AE}"
	ProjectSection(SolutionItems) = preProject
		src\Cofoundry.Plugins\Cofoundry.Plugins.BackgroundTasks.Hangfire\README.md = src\Cofoundry.Plugins\Cofoundry.Plugins.BackgroundTasks.Hangfire\README.md
	EndProjectSection
EndProject
Project("{2150E333-8FDC-42A3-9474-1A3956D46DE8}") = "test", "test", "{ABEBED1D-E992-4418-BB01-7BD6335C3C03}"
	ProjectSection(SolutionItems) = preProject
		test\dev.runsettings = test\dev.runsettings
		test\Directory.Build.props = test\Directory.Build.props
		test\docker-compose.test.yml = test\docker-compose.test.yml
		test\README.md = test\README.md
	EndProjectSection
EndProject
Project("{9A19103F-16F7-4668-BE54-9A1E7A4F7556}") = "Cofoundry.Plugins.Azure.Tests", "test\Cofoundry.Plugins.Tests\Cofoundry.Plugins.Azure.Tests\Cofoundry.Plugins.Azure.Tests.csproj", "{0D5495C7-4934-4440-8673-19B7FB10E7F8}"
EndProject
Project("{2150E333-8FDC-42A3-9474-1A3956D46DE8}") = "ErrorLogging", "ErrorLogging", "{F18C8FFD-CA34-4D99-9F55-EAF8D45FF083}"
	ProjectSection(SolutionItems) = preProject
		src\Cofoundry.Plugins\Cofoundry.Plugins.ErrorLogging\README.md = src\Cofoundry.Plugins\Cofoundry.Plugins.ErrorLogging\README.md
	EndProjectSection
EndProject
Project("{9A19103F-16F7-4668-BE54-9A1E7A4F7556}") = "Cofoundry.Plugins.ErrorLogging", "src\Cofoundry.Plugins\Cofoundry.Plugins.ErrorLogging\Cofoundry.Plugins.ErrorLogging\Cofoundry.Plugins.ErrorLogging.csproj", "{44778E26-08C7-48AC-AFCF-BE44165CD5A1}"
EndProject
Project("{9A19103F-16F7-4668-BE54-9A1E7A4F7556}") = "Cofoundry.Plugins.ErrorLogging.Admin", "src\Cofoundry.Plugins\Cofoundry.Plugins.ErrorLogging\Cofoundry.Plugins.ErrorLogging.Admin\Cofoundry.Plugins.ErrorLogging.Admin.csproj", "{5C9B73EA-BB35-45AE-BE0C-22AA6ACE95DA}"
EndProject
Project("{9A19103F-16F7-4668-BE54-9A1E7A4F7556}") = "ErrorLoggingSample", "samples\src\Plugins\ErrorLoggingSample\ErrorLoggingSample.csproj", "{5F41DC01-64FB-41D4-A25B-CFE563F60CE3}"
EndProject
Project("{2150E333-8FDC-42A3-9474-1A3956D46DE8}") = "Imaging.ImageSharp", "Imaging.ImageSharp", "{7D2F0A5C-D5A7-4791-9E55-C382C52F933F}"
	ProjectSection(SolutionItems) = preProject
		src\Cofoundry.Plugins\Cofoundry.Plugins.Imaging.ImageSharp\README.md = src\Cofoundry.Plugins\Cofoundry.Plugins.Imaging.ImageSharp\README.md
	EndProjectSection
EndProject
Project("{9A19103F-16F7-4668-BE54-9A1E7A4F7556}") = "Cofoundry.Plugins.Imaging.ImageSharp", "src\Cofoundry.Plugins\Cofoundry.Plugins.Imaging.ImageSharp\Cofoundry.Plugins.Imaging.ImageSharp\Cofoundry.Plugins.Imaging.ImageSharp.csproj", "{83112E76-5984-40F1-B5F9-1B92C78F9208}"
EndProject
Project("{9A19103F-16F7-4668-BE54-9A1E7A4F7556}") = "ImageSharpSample", "samples\src\Plugins\ImageSharpSample\ImageSharpSample.csproj", "{38E1D540-5C5D-4F81-9A96-58F4DB33667F}"
EndProject
Project("{2150E333-8FDC-42A3-9474-1A3956D46DE8}") = "Imaging.SkiaSharp", "Imaging.SkiaSharp", "{3B2455A4-E53F-4E8F-83A2-21A9528ACD4F}"
	ProjectSection(SolutionItems) = preProject
		src\Cofoundry.Plugins\Cofoundry.Plugins.Imaging.SkiaSharp\README.md = src\Cofoundry.Plugins\Cofoundry.Plugins.Imaging.SkiaSharp\README.md
	EndProjectSection
EndProject
Project("{9A19103F-16F7-4668-BE54-9A1E7A4F7556}") = "Cofoundry.Plugins.Imaging.SkiaSharp", "src\Cofoundry.Plugins\Cofoundry.Plugins.Imaging.SkiaSharp\Cofoundry.Plugins.Imaging.SkiaSharp\Cofoundry.Plugins.Imaging.SkiaSharp.csproj", "{6EB01163-020A-4F66-877A-9CD5F5D2078E}"
EndProject
Project("{9A19103F-16F7-4668-BE54-9A1E7A4F7556}") = "SkiaSharpSample", "samples\src\Plugins\SkiaSharpSample\SkiaSharpSample.csproj", "{8513C7C7-5A36-4571-B7D6-B2610874D18C}"
EndProject
Project("{9A19103F-16F7-4668-BE54-9A1E7A4F7556}") = "Cofoundry.Plugins.Imaging.SkiaSharp.Tests", "test\Cofoundry.Plugins.Tests\Cofoundry.Plugins.Imaging.SkiaSharp.Tests\Cofoundry.Plugins.Imaging.SkiaSharp.Tests.csproj", "{97F72C95-A3E6-4FE3-B921-5B4A2A3CBC09}"
EndProject
Project("{2150E333-8FDC-42A3-9474-1A3956D46DE8}") = "Mail.MailKit", "Mail.MailKit", "{EE903929-8E76-42D2-9397-D19BB429518C}"
	ProjectSection(SolutionItems) = preProject
		src\Cofoundry.Plugins\Cofoundry.Plugins.Mail.MailKit\README.md = src\Cofoundry.Plugins\Cofoundry.Plugins.Mail.MailKit\README.md
	EndProjectSection
EndProject
Project("{9A19103F-16F7-4668-BE54-9A1E7A4F7556}") = "Cofoundry.Plugins.Mail.MailKit", "src\Cofoundry.Plugins\Cofoundry.Plugins.Mail.MailKit\Cofoundry.Plugins.Mail.MailKit\Cofoundry.Plugins.Mail.MailKit.csproj", "{17673507-9B76-4F70-9A39-E5DBF36ACA8D}"
EndProject
Project("{9A19103F-16F7-4668-BE54-9A1E7A4F7556}") = "MailKitSample", "samples\src\Plugins\MailKitSample\MailKitSample.csproj", "{DA8944AA-1D85-4382-9540-41DA70A03369}"
EndProject
Project("{2150E333-8FDC-42A3-9474-1A3956D46DE8}") = "Mail.SendGrid", "Mail.SendGrid", "{C08628A4-B7AA-4A06-A4CF-D4D769A5CD01}"
	ProjectSection(SolutionItems) = preProject
		src\Cofoundry.Plugins\Cofoundry.Plugins.Mail.SendGrid\README.md = src\Cofoundry.Plugins\Cofoundry.Plugins.Mail.SendGrid\README.md
	EndProjectSection
EndProject
Project("{9A19103F-16F7-4668-BE54-9A1E7A4F7556}") = "Cofoundry.Plugins.Mail.SendGrid", "src\Cofoundry.Plugins\Cofoundry.Plugins.Mail.SendGrid\Cofoundry.Plugins.Mail.SendGrid\Cofoundry.Plugins.Mail.SendGrid.csproj", "{5665C520-BE82-470A-96E7-9F0B515DB0E5}"
EndProject
Project("{9A19103F-16F7-4668-BE54-9A1E7A4F7556}") = "SendGridSample", "samples\src\Plugins\SendGridSample\SendGridSample.csproj", "{15ACB756-6A61-4E2C-A2AE-C5867751EB8F}"
EndProject
Project("{2150E333-8FDC-42A3-9474-1A3956D46DE8}") = "SiteMap", "SiteMap", "{E3D9BD2E-DCE8-4A7F-A19A-693083C7CFEB}"
	ProjectSection(SolutionItems) = preProject
		src\Cofoundry.Plugins\Cofoundry.Plugins.SiteMap\README.md = src\Cofoundry.Plugins\Cofoundry.Plugins.SiteMap\README.md
	EndProjectSection
EndProject
Project("{9A19103F-16F7-4668-BE54-9A1E7A4F7556}") = "Cofoundry.Plugins.SiteMap", "src\Cofoundry.Plugins\Cofoundry.Plugins.SiteMap\Cofoundry.Plugins.SiteMap\Cofoundry.Plugins.SiteMap.csproj", "{0BDAAEEF-FF06-480E-A948-4D3F9A5F6C58}"
EndProject
Project("{9A19103F-16F7-4668-BE54-9A1E7A4F7556}") = "SitemapSample", "samples\src\Plugins\SitemapSample\SitemapSample.csproj", "{C5969778-88D5-441C-B0AF-420C5AC67304}"
EndProject
Project("{2150E333-8FDC-42A3-9474-1A3956D46DE8}") = "Vimeo", "Vimeo", "{795B1930-28AC-404C-9328-EBF01713ACE8}"
	ProjectSection(SolutionItems) = preProject
		src\Cofoundry.Plugins\Cofoundry.Plugins.Vimeo\README.md = src\Cofoundry.Plugins\Cofoundry.Plugins.Vimeo\README.md
	EndProjectSection
EndProject
Project("{9A19103F-16F7-4668-BE54-9A1E7A4F7556}") = "Cofoundry.Plugins.Vimeo.Domain", "src\Cofoundry.Plugins\Cofoundry.Plugins.Vimeo\Cofoundry.Plugins.Vimeo.Domain\Cofoundry.Plugins.Vimeo.Domain.csproj", "{002632C2-D103-4B19-9759-81DF54CB0B1F}"
EndProject
Project("{9A19103F-16F7-4668-BE54-9A1E7A4F7556}") = "Cofoundry.Plugins.Vimeo.Admin", "src\Cofoundry.Plugins\Cofoundry.Plugins.Vimeo\Cofoundry.Plugins.Vimeo.Admin\Cofoundry.Plugins.Vimeo.Admin.csproj", "{43B7FEB0-72B4-406D-8372-DCB2DB7B6CF8}"
EndProject
Project("{9A19103F-16F7-4668-BE54-9A1E7A4F7556}") = "Cofoundry.Plugins.Vimeo", "src\Cofoundry.Plugins\Cofoundry.Plugins.Vimeo\Cofoundry.Plugins.Vimeo\Cofoundry.Plugins.Vimeo.csproj", "{0EF8A66F-773E-4EC6-8521-ED76842CFBD7}"
EndProject
Project("{9A19103F-16F7-4668-BE54-9A1E7A4F7556}") = "VimeoSample", "samples\src\Plugins\VimeoSample\VimeoSample.csproj", "{071CEA93-19F6-4D7D-88B1-FBC25D786C1C}"
EndProject
Project("{2150E333-8FDC-42A3-9474-1A3956D46DE8}") = "YouTube", "YouTube", "{940AF760-EC11-48CD-A4E8-FFCB988A45E1}"
	ProjectSection(SolutionItems) = preProject
		src\Cofoundry.Plugins\Cofoundry.Plugins.YouTube\README.md = src\Cofoundry.Plugins\Cofoundry.Plugins.YouTube\README.md
	EndProjectSection
EndProject
Project("{9A19103F-16F7-4668-BE54-9A1E7A4F7556}") = "Cofoundry.Plugins.YouTube.Domain", "src\Cofoundry.Plugins\Cofoundry.Plugins.YouTube\Cofoundry.Plugins.YouTube.Domain\Cofoundry.Plugins.YouTube.Domain.csproj", "{E8544A26-3918-44B6-A1E4-E2CF20C0291E}"
EndProject
Project("{9A19103F-16F7-4668-BE54-9A1E7A4F7556}") = "Cofoundry.Plugins.YouTube.Admin", "src\Cofoundry.Plugins\Cofoundry.Plugins.YouTube\Cofoundry.Plugins.YouTube.Admin\Cofoundry.Plugins.YouTube.Admin.csproj", "{47C53D36-2F00-4374-B0B7-66302EB2C736}"
EndProject
Project("{9A19103F-16F7-4668-BE54-9A1E7A4F7556}") = "Cofoundry.Plugins.YouTube", "src\Cofoundry.Plugins\Cofoundry.Plugins.YouTube\Cofoundry.Plugins.YouTube\Cofoundry.Plugins.YouTube.csproj", "{D98B6B5E-0E54-4F44-823F-B1B73A098955}"
EndProject
Project("{9A19103F-16F7-4668-BE54-9A1E7A4F7556}") = "YouTubeSample", "samples\src\Plugins\YouTubeSample\YouTubeSample.csproj", "{0AF931E3-FC46-498C-A3AA-93F10635D3E2}"
EndProject
Project("{2150E333-8FDC-42A3-9474-1A3956D46DE8}") = "eng", "eng", "{02EA681E-C7D8-13C7-8484-4AC65E1B71E8}"
	ProjectSection(SolutionItems) = preProject
		eng\Base.props = eng\Base.props
		eng\NuGet.props = eng\NuGet.props
	EndProjectSection
EndProject
Project("{FAE04EC0-301F-11D3-BF4B-00C04F79EFBC}") = "Cofoundry.Build", "eng\Cofoundry.Build\Cofoundry.Build.csproj", "{E9601DA6-BC0E-4591-94C7-18D6AFD06EF9}"
EndProject
Project("{FAE04EC0-301F-11D3-BF4B-00C04F79EFBC}") = "HangfireSample", "samples\src\Plugins\HangfireSample\HangfireSample.csproj", "{AD02F791-8824-3701-624F-09016EB5C5FA}"
EndProject
Project("{2150E333-8FDC-42A3-9474-1A3956D46DE8}") = "templates", "templates", "{7FEC10FF-3766-4245-90A7-09CD2499BA08}"
	ProjectSection(SolutionItems) = preProject
		templates\Cofoundry.Templates\Cofoundry.Templates.csproj = templates\Cofoundry.Templates\Cofoundry.Templates.csproj
		templates\Directory.Build.props = templates\Directory.Build.props
		templates\Cofoundry.Templates\README.md = templates\Cofoundry.Templates\README.md
	EndProjectSection
EndProject
Project("{FAE04EC0-301F-11D3-BF4B-00C04F79EFBC}") = "Cofoundry.Templates.Web", "templates\Cofoundry.Templates\Cofoundry.Templates.Web\Cofoundry.Templates.Web.csproj", "{5916546B-4C5F-63EF-08B0-4404109A3A68}"
EndProject
Project("{FAE04EC0-301F-11D3-BF4B-00C04F79EFBC}") = "Cofoundry.DocGenerator", "eng\Cofoundry.DocGenerator\Cofoundry.DocGenerator.csproj", "{607C8226-45D3-40E1-B132-CCE8A62CCAB3}"
EndProject
Project("{2150E333-8FDC-42A3-9474-1A3956D46DE8}") = "Mail", "Mail", "{CC2003A1-BDC6-4B2D-81BC-6CFF7F4A4644}"
	ProjectSection(SolutionItems) = preProject
		samples\src\Mail\README.md = samples\src\Mail\README.md
	EndProjectSection
EndProject
Project("{FAE04EC0-301F-11D3-BF4B-00C04F79EFBC}") = "MailSample", "samples\src\Mail\MailSample\MailSample.csproj", "{A73F30B0-3512-13B5-B285-6724015CD314}"
EndProject
Project("{2150E333-8FDC-42A3-9474-1A3956D46DE8}") = "Menus", "Menus", "{A89450F4-ABA0-4CBD-9BB3-2E0B8FB87EB2}"
	ProjectSection(SolutionItems) = preProject
		samples\src\Menus\README.md = samples\src\Menus\README.md
	EndProjectSection
EndProject
Project("{FAE04EC0-301F-11D3-BF4B-00C04F79EFBC}") = "MenuSample", "samples\src\Menus\MenuSample\MenuSample.csproj", "{6143A75B-34E6-1674-A5CA-CC8CA2291D24}"
EndProject
Project("{2150E333-8FDC-42A3-9474-1A3956D46DE8}") = "PageBlockTypes", "PageBlockTypes", "{B3A28B72-C513-4AAC-BF58-281503EAE22D}"
	ProjectSection(SolutionItems) = preProject
		samples\src\PageBlockTypes\README.md = samples\src\PageBlockTypes\README.md
	EndProjectSection
EndProject
Project("{2150E333-8FDC-42A3-9474-1A3956D46DE8}") = "SimpleSite", "SimpleSite", "{A4205849-DE91-48F5-B856-36F21E04E94D}"
	ProjectSection(SolutionItems) = preProject
		samples\src\SimpleSite\README.md = samples\src\SimpleSite\README.md
	EndProjectSection
EndProject
Project("{2150E333-8FDC-42A3-9474-1A3956D46DE8}") = "SPASite", "SPASite", "{E1B46328-DB56-4E64-A64B-C8D6503759D8}"
	ProjectSection(SolutionItems) = preProject
		samples\src\SPASite\README.md = samples\src\SPASite\README.md
	EndProjectSection
EndProject
Project("{2150E333-8FDC-42A3-9474-1A3956D46DE8}") = "UserAreas", "UserAreas", "{EC64980F-D004-46C5-8C8D-8B34B6773EB8}"
	ProjectSection(SolutionItems) = preProject
		samples\src\UserAreas\README.md = samples\src\UserAreas\README.md
	EndProjectSection
EndProject
Project("{FAE04EC0-301F-11D3-BF4B-00C04F79EFBC}") = "PageBlockTypeSample", "samples\src\PageBlockTypes\PageBlockTypeSample\PageBlockTypeSample.csproj", "{CA10A25D-5D16-1265-7B08-922F80AD522B}"
EndProject
Project("{FAE04EC0-301F-11D3-BF4B-00C04F79EFBC}") = "PageBlockTypeSample.SharedProject", "samples\src\PageBlockTypes\PageBlockTypeSample.SharedProject\PageBlockTypeSample.SharedProject.csproj", "{0F2D7DAE-12FF-1AA7-66F6-33C722452103}"
EndProject
Project("{FAE04EC0-301F-11D3-BF4B-00C04F79EFBC}") = "SimpleSite", "samples\src\SimpleSite\SimpleSite\SimpleSite.csproj", "{3ADC2874-4764-0855-2418-FB81F88BCE78}"
EndProject
Project("{FAE04EC0-301F-11D3-BF4B-00C04F79EFBC}") = "SPASite", "samples\src\SPASite\SPASite\SPASite.csproj", "{1B491E6F-AE25-82EE-576F-619657578084}"
EndProject
Project("{FAE04EC0-301F-11D3-BF4B-00C04F79EFBC}") = "SPASite.Domain", "samples\src\SPASite\SPASite.Domain\SPASite.Domain.csproj", "{250F7C2A-BDE0-5F45-F633-0D1FE3FD43F5}"
EndProject
Project("{FAE04EC0-301F-11D3-BF4B-00C04F79EFBC}") = "AuthenticationSample", "samples\src\UserAreas\AuthenticationSample\AuthenticationSample.csproj", "{4BDC19A5-B961-3E21-594C-974731C9182B}"
EndProject
Project("{FAE04EC0-301F-11D3-BF4B-00C04F79EFBC}") = "RegistrationAndVerificationSample", "samples\src\UserAreas\RegistrationAndVerificationSample\RegistrationAndVerificationSample.csproj", "{019AC8FE-5113-C8B4-01A4-0823FFAEF7DF}"
EndProject
Project("{2150E333-8FDC-42A3-9474-1A3956D46DE8}") = "Dev", "Dev", "{57AECA41-35F7-447B-AA33-E95ECBF2FD06}"
EndProject
Project("{FAE04EC0-301F-11D3-BF4B-00C04F79EFBC}") = "Dev.Sandbox", "samples\src\Dev\Dev.Sandbox\Dev.Sandbox.csproj", "{5871DA90-B977-1C53-387F-4F143ABED8FA}"
EndProject
Project("{FAE04EC0-301F-11D3-BF4B-00C04F79EFBC}") = "Cofoundry.SamplesGenerator", "eng\Cofoundry.SamplesGenerator\Cofoundry.SamplesGenerator.csproj", "{62C965A0-2369-425C-9F35-51F4A5CB2B0E}"
EndProject
Global
	GlobalSection(SolutionConfigurationPlatforms) = preSolution
		Debug|Any CPU = Debug|Any CPU
		Release|Any CPU = Release|Any CPU
	EndGlobalSection
	GlobalSection(ProjectConfigurationPlatforms) = postSolution
		{22E7BFD5-C829-4793-83C6-445944D605F4}.Debug|Any CPU.ActiveCfg = Debug|Any CPU
		{22E7BFD5-C829-4793-83C6-445944D605F4}.Debug|Any CPU.Build.0 = Debug|Any CPU
		{22E7BFD5-C829-4793-83C6-445944D605F4}.Release|Any CPU.ActiveCfg = Release|Any CPU
		{22E7BFD5-C829-4793-83C6-445944D605F4}.Release|Any CPU.Build.0 = Release|Any CPU
		{7F758F8D-D973-4DB5-84D6-B8A5C795A1CB}.Debug|Any CPU.ActiveCfg = Debug|Any CPU
		{7F758F8D-D973-4DB5-84D6-B8A5C795A1CB}.Debug|Any CPU.Build.0 = Debug|Any CPU
		{7F758F8D-D973-4DB5-84D6-B8A5C795A1CB}.Release|Any CPU.ActiveCfg = Release|Any CPU
		{7F758F8D-D973-4DB5-84D6-B8A5C795A1CB}.Release|Any CPU.Build.0 = Release|Any CPU
		{EB7DB360-013B-4F22-BD81-7AA26ECF5120}.Debug|Any CPU.ActiveCfg = Debug|Any CPU
		{EB7DB360-013B-4F22-BD81-7AA26ECF5120}.Debug|Any CPU.Build.0 = Debug|Any CPU
		{EB7DB360-013B-4F22-BD81-7AA26ECF5120}.Release|Any CPU.ActiveCfg = Release|Any CPU
		{EB7DB360-013B-4F22-BD81-7AA26ECF5120}.Release|Any CPU.Build.0 = Release|Any CPU
		{C168F1B9-A30D-429A-B8A1-E77991167E0D}.Debug|Any CPU.ActiveCfg = Debug|Any CPU
		{C168F1B9-A30D-429A-B8A1-E77991167E0D}.Debug|Any CPU.Build.0 = Debug|Any CPU
		{C168F1B9-A30D-429A-B8A1-E77991167E0D}.Release|Any CPU.ActiveCfg = Release|Any CPU
		{C168F1B9-A30D-429A-B8A1-E77991167E0D}.Release|Any CPU.Build.0 = Release|Any CPU
		{A1700147-1310-4DBA-80DA-B157F57F8A7C}.Debug|Any CPU.ActiveCfg = Debug|Any CPU
		{A1700147-1310-4DBA-80DA-B157F57F8A7C}.Debug|Any CPU.Build.0 = Debug|Any CPU
		{A1700147-1310-4DBA-80DA-B157F57F8A7C}.Release|Any CPU.ActiveCfg = Release|Any CPU
		{A1700147-1310-4DBA-80DA-B157F57F8A7C}.Release|Any CPU.Build.0 = Release|Any CPU
		{275C85A3-98AA-4554-9B03-D288E904CC37}.Debug|Any CPU.ActiveCfg = Debug|Any CPU
		{275C85A3-98AA-4554-9B03-D288E904CC37}.Debug|Any CPU.Build.0 = Debug|Any CPU
		{275C85A3-98AA-4554-9B03-D288E904CC37}.Release|Any CPU.ActiveCfg = Release|Any CPU
		{275C85A3-98AA-4554-9B03-D288E904CC37}.Release|Any CPU.Build.0 = Release|Any CPU
		{70AB99F5-8E90-4AAD-B844-3BC1F3F50330}.Debug|Any CPU.ActiveCfg = Debug|Any CPU
		{70AB99F5-8E90-4AAD-B844-3BC1F3F50330}.Debug|Any CPU.Build.0 = Debug|Any CPU
		{70AB99F5-8E90-4AAD-B844-3BC1F3F50330}.Release|Any CPU.ActiveCfg = Release|Any CPU
		{70AB99F5-8E90-4AAD-B844-3BC1F3F50330}.Release|Any CPU.Build.0 = Release|Any CPU
		{82FF7D56-3FC3-46A4-91FF-97A198F7B170}.Debug|Any CPU.ActiveCfg = Debug|Any CPU
		{82FF7D56-3FC3-46A4-91FF-97A198F7B170}.Debug|Any CPU.Build.0 = Debug|Any CPU
		{82FF7D56-3FC3-46A4-91FF-97A198F7B170}.Release|Any CPU.ActiveCfg = Release|Any CPU
		{82FF7D56-3FC3-46A4-91FF-97A198F7B170}.Release|Any CPU.Build.0 = Release|Any CPU
		{EE28E561-3DCA-441D-AC98-19A350E354FC}.Debug|Any CPU.ActiveCfg = Debug|Any CPU
		{EE28E561-3DCA-441D-AC98-19A350E354FC}.Debug|Any CPU.Build.0 = Debug|Any CPU
		{EE28E561-3DCA-441D-AC98-19A350E354FC}.Release|Any CPU.ActiveCfg = Release|Any CPU
		{EE28E561-3DCA-441D-AC98-19A350E354FC}.Release|Any CPU.Build.0 = Release|Any CPU
		{883632A4-7D37-496E-9844-D0B2C118C51C}.Debug|Any CPU.ActiveCfg = Debug|Any CPU
		{883632A4-7D37-496E-9844-D0B2C118C51C}.Debug|Any CPU.Build.0 = Debug|Any CPU
		{883632A4-7D37-496E-9844-D0B2C118C51C}.Release|Any CPU.ActiveCfg = Release|Any CPU
		{883632A4-7D37-496E-9844-D0B2C118C51C}.Release|Any CPU.Build.0 = Release|Any CPU
		{898DCAC1-18AA-437A-BE24-B57FA47D174B}.Debug|Any CPU.ActiveCfg = Debug|Any CPU
		{898DCAC1-18AA-437A-BE24-B57FA47D174B}.Debug|Any CPU.Build.0 = Debug|Any CPU
		{898DCAC1-18AA-437A-BE24-B57FA47D174B}.Release|Any CPU.ActiveCfg = Release|Any CPU
		{898DCAC1-18AA-437A-BE24-B57FA47D174B}.Release|Any CPU.Build.0 = Release|Any CPU
		{0D5495C7-4934-4440-8673-19B7FB10E7F8}.Debug|Any CPU.ActiveCfg = Debug|Any CPU
		{0D5495C7-4934-4440-8673-19B7FB10E7F8}.Debug|Any CPU.Build.0 = Debug|Any CPU
		{0D5495C7-4934-4440-8673-19B7FB10E7F8}.Release|Any CPU.ActiveCfg = Release|Any CPU
		{0D5495C7-4934-4440-8673-19B7FB10E7F8}.Release|Any CPU.Build.0 = Release|Any CPU
		{44778E26-08C7-48AC-AFCF-BE44165CD5A1}.Debug|Any CPU.ActiveCfg = Debug|Any CPU
		{44778E26-08C7-48AC-AFCF-BE44165CD5A1}.Debug|Any CPU.Build.0 = Debug|Any CPU
		{44778E26-08C7-48AC-AFCF-BE44165CD5A1}.Release|Any CPU.ActiveCfg = Release|Any CPU
		{44778E26-08C7-48AC-AFCF-BE44165CD5A1}.Release|Any CPU.Build.0 = Release|Any CPU
		{5C9B73EA-BB35-45AE-BE0C-22AA6ACE95DA}.Debug|Any CPU.ActiveCfg = Debug|Any CPU
		{5C9B73EA-BB35-45AE-BE0C-22AA6ACE95DA}.Debug|Any CPU.Build.0 = Debug|Any CPU
		{5C9B73EA-BB35-45AE-BE0C-22AA6ACE95DA}.Release|Any CPU.ActiveCfg = Release|Any CPU
		{5C9B73EA-BB35-45AE-BE0C-22AA6ACE95DA}.Release|Any CPU.Build.0 = Release|Any CPU
		{5F41DC01-64FB-41D4-A25B-CFE563F60CE3}.Debug|Any CPU.ActiveCfg = Debug|Any CPU
		{5F41DC01-64FB-41D4-A25B-CFE563F60CE3}.Debug|Any CPU.Build.0 = Debug|Any CPU
		{5F41DC01-64FB-41D4-A25B-CFE563F60CE3}.Release|Any CPU.ActiveCfg = Release|Any CPU
		{5F41DC01-64FB-41D4-A25B-CFE563F60CE3}.Release|Any CPU.Build.0 = Release|Any CPU
		{83112E76-5984-40F1-B5F9-1B92C78F9208}.Debug|Any CPU.ActiveCfg = Debug|Any CPU
		{83112E76-5984-40F1-B5F9-1B92C78F9208}.Debug|Any CPU.Build.0 = Debug|Any CPU
		{83112E76-5984-40F1-B5F9-1B92C78F9208}.Release|Any CPU.ActiveCfg = Release|Any CPU
		{83112E76-5984-40F1-B5F9-1B92C78F9208}.Release|Any CPU.Build.0 = Release|Any CPU
		{38E1D540-5C5D-4F81-9A96-58F4DB33667F}.Debug|Any CPU.ActiveCfg = Debug|Any CPU
		{38E1D540-5C5D-4F81-9A96-58F4DB33667F}.Debug|Any CPU.Build.0 = Debug|Any CPU
		{38E1D540-5C5D-4F81-9A96-58F4DB33667F}.Release|Any CPU.ActiveCfg = Release|Any CPU
		{38E1D540-5C5D-4F81-9A96-58F4DB33667F}.Release|Any CPU.Build.0 = Release|Any CPU
		{6EB01163-020A-4F66-877A-9CD5F5D2078E}.Debug|Any CPU.ActiveCfg = Debug|Any CPU
		{6EB01163-020A-4F66-877A-9CD5F5D2078E}.Debug|Any CPU.Build.0 = Debug|Any CPU
		{6EB01163-020A-4F66-877A-9CD5F5D2078E}.Release|Any CPU.ActiveCfg = Release|Any CPU
		{6EB01163-020A-4F66-877A-9CD5F5D2078E}.Release|Any CPU.Build.0 = Release|Any CPU
		{8513C7C7-5A36-4571-B7D6-B2610874D18C}.Debug|Any CPU.ActiveCfg = Debug|Any CPU
		{8513C7C7-5A36-4571-B7D6-B2610874D18C}.Debug|Any CPU.Build.0 = Debug|Any CPU
		{8513C7C7-5A36-4571-B7D6-B2610874D18C}.Release|Any CPU.ActiveCfg = Release|Any CPU
		{8513C7C7-5A36-4571-B7D6-B2610874D18C}.Release|Any CPU.Build.0 = Release|Any CPU
		{97F72C95-A3E6-4FE3-B921-5B4A2A3CBC09}.Debug|Any CPU.ActiveCfg = Debug|Any CPU
		{97F72C95-A3E6-4FE3-B921-5B4A2A3CBC09}.Debug|Any CPU.Build.0 = Debug|Any CPU
		{97F72C95-A3E6-4FE3-B921-5B4A2A3CBC09}.Release|Any CPU.ActiveCfg = Release|Any CPU
		{97F72C95-A3E6-4FE3-B921-5B4A2A3CBC09}.Release|Any CPU.Build.0 = Release|Any CPU
		{17673507-9B76-4F70-9A39-E5DBF36ACA8D}.Debug|Any CPU.ActiveCfg = Debug|Any CPU
		{17673507-9B76-4F70-9A39-E5DBF36ACA8D}.Debug|Any CPU.Build.0 = Debug|Any CPU
		{17673507-9B76-4F70-9A39-E5DBF36ACA8D}.Release|Any CPU.ActiveCfg = Release|Any CPU
		{17673507-9B76-4F70-9A39-E5DBF36ACA8D}.Release|Any CPU.Build.0 = Release|Any CPU
		{DA8944AA-1D85-4382-9540-41DA70A03369}.Debug|Any CPU.ActiveCfg = Debug|Any CPU
		{DA8944AA-1D85-4382-9540-41DA70A03369}.Debug|Any CPU.Build.0 = Debug|Any CPU
		{DA8944AA-1D85-4382-9540-41DA70A03369}.Release|Any CPU.ActiveCfg = Release|Any CPU
		{DA8944AA-1D85-4382-9540-41DA70A03369}.Release|Any CPU.Build.0 = Release|Any CPU
		{5665C520-BE82-470A-96E7-9F0B515DB0E5}.Debug|Any CPU.ActiveCfg = Debug|Any CPU
		{5665C520-BE82-470A-96E7-9F0B515DB0E5}.Debug|Any CPU.Build.0 = Debug|Any CPU
		{5665C520-BE82-470A-96E7-9F0B515DB0E5}.Release|Any CPU.ActiveCfg = Release|Any CPU
		{5665C520-BE82-470A-96E7-9F0B515DB0E5}.Release|Any CPU.Build.0 = Release|Any CPU
		{15ACB756-6A61-4E2C-A2AE-C5867751EB8F}.Debug|Any CPU.ActiveCfg = Debug|Any CPU
		{15ACB756-6A61-4E2C-A2AE-C5867751EB8F}.Debug|Any CPU.Build.0 = Debug|Any CPU
		{15ACB756-6A61-4E2C-A2AE-C5867751EB8F}.Release|Any CPU.ActiveCfg = Release|Any CPU
		{15ACB756-6A61-4E2C-A2AE-C5867751EB8F}.Release|Any CPU.Build.0 = Release|Any CPU
		{0BDAAEEF-FF06-480E-A948-4D3F9A5F6C58}.Debug|Any CPU.ActiveCfg = Debug|Any CPU
		{0BDAAEEF-FF06-480E-A948-4D3F9A5F6C58}.Debug|Any CPU.Build.0 = Debug|Any CPU
		{0BDAAEEF-FF06-480E-A948-4D3F9A5F6C58}.Release|Any CPU.ActiveCfg = Release|Any CPU
		{0BDAAEEF-FF06-480E-A948-4D3F9A5F6C58}.Release|Any CPU.Build.0 = Release|Any CPU
		{C5969778-88D5-441C-B0AF-420C5AC67304}.Debug|Any CPU.ActiveCfg = Debug|Any CPU
		{C5969778-88D5-441C-B0AF-420C5AC67304}.Debug|Any CPU.Build.0 = Debug|Any CPU
		{C5969778-88D5-441C-B0AF-420C5AC67304}.Release|Any CPU.ActiveCfg = Release|Any CPU
		{C5969778-88D5-441C-B0AF-420C5AC67304}.Release|Any CPU.Build.0 = Release|Any CPU
		{002632C2-D103-4B19-9759-81DF54CB0B1F}.Debug|Any CPU.ActiveCfg = Debug|Any CPU
		{002632C2-D103-4B19-9759-81DF54CB0B1F}.Debug|Any CPU.Build.0 = Debug|Any CPU
		{002632C2-D103-4B19-9759-81DF54CB0B1F}.Release|Any CPU.ActiveCfg = Release|Any CPU
		{002632C2-D103-4B19-9759-81DF54CB0B1F}.Release|Any CPU.Build.0 = Release|Any CPU
		{43B7FEB0-72B4-406D-8372-DCB2DB7B6CF8}.Debug|Any CPU.ActiveCfg = Debug|Any CPU
		{43B7FEB0-72B4-406D-8372-DCB2DB7B6CF8}.Debug|Any CPU.Build.0 = Debug|Any CPU
		{43B7FEB0-72B4-406D-8372-DCB2DB7B6CF8}.Release|Any CPU.ActiveCfg = Release|Any CPU
		{43B7FEB0-72B4-406D-8372-DCB2DB7B6CF8}.Release|Any CPU.Build.0 = Release|Any CPU
		{0EF8A66F-773E-4EC6-8521-ED76842CFBD7}.Debug|Any CPU.ActiveCfg = Debug|Any CPU
		{0EF8A66F-773E-4EC6-8521-ED76842CFBD7}.Debug|Any CPU.Build.0 = Debug|Any CPU
		{0EF8A66F-773E-4EC6-8521-ED76842CFBD7}.Release|Any CPU.ActiveCfg = Release|Any CPU
		{0EF8A66F-773E-4EC6-8521-ED76842CFBD7}.Release|Any CPU.Build.0 = Release|Any CPU
		{071CEA93-19F6-4D7D-88B1-FBC25D786C1C}.Debug|Any CPU.ActiveCfg = Debug|Any CPU
		{071CEA93-19F6-4D7D-88B1-FBC25D786C1C}.Debug|Any CPU.Build.0 = Debug|Any CPU
		{071CEA93-19F6-4D7D-88B1-FBC25D786C1C}.Release|Any CPU.ActiveCfg = Release|Any CPU
		{071CEA93-19F6-4D7D-88B1-FBC25D786C1C}.Release|Any CPU.Build.0 = Release|Any CPU
		{E8544A26-3918-44B6-A1E4-E2CF20C0291E}.Debug|Any CPU.ActiveCfg = Debug|Any CPU
		{E8544A26-3918-44B6-A1E4-E2CF20C0291E}.Debug|Any CPU.Build.0 = Debug|Any CPU
		{E8544A26-3918-44B6-A1E4-E2CF20C0291E}.Release|Any CPU.ActiveCfg = Release|Any CPU
		{E8544A26-3918-44B6-A1E4-E2CF20C0291E}.Release|Any CPU.Build.0 = Release|Any CPU
		{47C53D36-2F00-4374-B0B7-66302EB2C736}.Debug|Any CPU.ActiveCfg = Debug|Any CPU
		{47C53D36-2F00-4374-B0B7-66302EB2C736}.Debug|Any CPU.Build.0 = Debug|Any CPU
		{47C53D36-2F00-4374-B0B7-66302EB2C736}.Release|Any CPU.ActiveCfg = Release|Any CPU
		{47C53D36-2F00-4374-B0B7-66302EB2C736}.Release|Any CPU.Build.0 = Release|Any CPU
		{D98B6B5E-0E54-4F44-823F-B1B73A098955}.Debug|Any CPU.ActiveCfg = Debug|Any CPU
		{D98B6B5E-0E54-4F44-823F-B1B73A098955}.Debug|Any CPU.Build.0 = Debug|Any CPU
		{D98B6B5E-0E54-4F44-823F-B1B73A098955}.Release|Any CPU.ActiveCfg = Release|Any CPU
		{D98B6B5E-0E54-4F44-823F-B1B73A098955}.Release|Any CPU.Build.0 = Release|Any CPU
		{0AF931E3-FC46-498C-A3AA-93F10635D3E2}.Debug|Any CPU.ActiveCfg = Debug|Any CPU
		{0AF931E3-FC46-498C-A3AA-93F10635D3E2}.Debug|Any CPU.Build.0 = Debug|Any CPU
		{0AF931E3-FC46-498C-A3AA-93F10635D3E2}.Release|Any CPU.ActiveCfg = Release|Any CPU
		{0AF931E3-FC46-498C-A3AA-93F10635D3E2}.Release|Any CPU.Build.0 = Release|Any CPU
		{E9601DA6-BC0E-4591-94C7-18D6AFD06EF9}.Debug|Any CPU.ActiveCfg = Debug|Any CPU
		{E9601DA6-BC0E-4591-94C7-18D6AFD06EF9}.Debug|Any CPU.Build.0 = Debug|Any CPU
		{E9601DA6-BC0E-4591-94C7-18D6AFD06EF9}.Release|Any CPU.ActiveCfg = Release|Any CPU
		{E9601DA6-BC0E-4591-94C7-18D6AFD06EF9}.Release|Any CPU.Build.0 = Release|Any CPU
		{AD02F791-8824-3701-624F-09016EB5C5FA}.Debug|Any CPU.ActiveCfg = Debug|Any CPU
		{AD02F791-8824-3701-624F-09016EB5C5FA}.Debug|Any CPU.Build.0 = Debug|Any CPU
		{AD02F791-8824-3701-624F-09016EB5C5FA}.Release|Any CPU.ActiveCfg = Release|Any CPU
		{AD02F791-8824-3701-624F-09016EB5C5FA}.Release|Any CPU.Build.0 = Release|Any CPU
		{5916546B-4C5F-63EF-08B0-4404109A3A68}.Debug|Any CPU.ActiveCfg = Debug|Any CPU
		{5916546B-4C5F-63EF-08B0-4404109A3A68}.Debug|Any CPU.Build.0 = Debug|Any CPU
		{5916546B-4C5F-63EF-08B0-4404109A3A68}.Release|Any CPU.ActiveCfg = Release|Any CPU
		{5916546B-4C5F-63EF-08B0-4404109A3A68}.Release|Any CPU.Build.0 = Release|Any CPU
		{607C8226-45D3-40E1-B132-CCE8A62CCAB3}.Debug|Any CPU.ActiveCfg = Debug|Any CPU
		{607C8226-45D3-40E1-B132-CCE8A62CCAB3}.Debug|Any CPU.Build.0 = Debug|Any CPU
		{607C8226-45D3-40E1-B132-CCE8A62CCAB3}.Release|Any CPU.ActiveCfg = Release|Any CPU
		{607C8226-45D3-40E1-B132-CCE8A62CCAB3}.Release|Any CPU.Build.0 = Release|Any CPU
		{A73F30B0-3512-13B5-B285-6724015CD314}.Debug|Any CPU.ActiveCfg = Debug|Any CPU
		{A73F30B0-3512-13B5-B285-6724015CD314}.Debug|Any CPU.Build.0 = Debug|Any CPU
		{A73F30B0-3512-13B5-B285-6724015CD314}.Release|Any CPU.ActiveCfg = Release|Any CPU
		{A73F30B0-3512-13B5-B285-6724015CD314}.Release|Any CPU.Build.0 = Release|Any CPU
		{6143A75B-34E6-1674-A5CA-CC8CA2291D24}.Debug|Any CPU.ActiveCfg = Debug|Any CPU
		{6143A75B-34E6-1674-A5CA-CC8CA2291D24}.Debug|Any CPU.Build.0 = Debug|Any CPU
		{6143A75B-34E6-1674-A5CA-CC8CA2291D24}.Release|Any CPU.ActiveCfg = Release|Any CPU
		{6143A75B-34E6-1674-A5CA-CC8CA2291D24}.Release|Any CPU.Build.0 = Release|Any CPU
		{CA10A25D-5D16-1265-7B08-922F80AD522B}.Debug|Any CPU.ActiveCfg = Debug|Any CPU
		{CA10A25D-5D16-1265-7B08-922F80AD522B}.Debug|Any CPU.Build.0 = Debug|Any CPU
		{CA10A25D-5D16-1265-7B08-922F80AD522B}.Release|Any CPU.ActiveCfg = Release|Any CPU
		{CA10A25D-5D16-1265-7B08-922F80AD522B}.Release|Any CPU.Build.0 = Release|Any CPU
		{0F2D7DAE-12FF-1AA7-66F6-33C722452103}.Debug|Any CPU.ActiveCfg = Debug|Any CPU
		{0F2D7DAE-12FF-1AA7-66F6-33C722452103}.Debug|Any CPU.Build.0 = Debug|Any CPU
		{0F2D7DAE-12FF-1AA7-66F6-33C722452103}.Release|Any CPU.ActiveCfg = Release|Any CPU
		{0F2D7DAE-12FF-1AA7-66F6-33C722452103}.Release|Any CPU.Build.0 = Release|Any CPU
		{3ADC2874-4764-0855-2418-FB81F88BCE78}.Debug|Any CPU.ActiveCfg = Debug|Any CPU
		{3ADC2874-4764-0855-2418-FB81F88BCE78}.Debug|Any CPU.Build.0 = Debug|Any CPU
		{3ADC2874-4764-0855-2418-FB81F88BCE78}.Release|Any CPU.ActiveCfg = Release|Any CPU
		{3ADC2874-4764-0855-2418-FB81F88BCE78}.Release|Any CPU.Build.0 = Release|Any CPU
		{1B491E6F-AE25-82EE-576F-619657578084}.Debug|Any CPU.ActiveCfg = Debug|Any CPU
		{1B491E6F-AE25-82EE-576F-619657578084}.Debug|Any CPU.Build.0 = Debug|Any CPU
		{1B491E6F-AE25-82EE-576F-619657578084}.Release|Any CPU.ActiveCfg = Release|Any CPU
		{1B491E6F-AE25-82EE-576F-619657578084}.Release|Any CPU.Build.0 = Release|Any CPU
		{250F7C2A-BDE0-5F45-F633-0D1FE3FD43F5}.Debug|Any CPU.ActiveCfg = Debug|Any CPU
		{250F7C2A-BDE0-5F45-F633-0D1FE3FD43F5}.Debug|Any CPU.Build.0 = Debug|Any CPU
		{250F7C2A-BDE0-5F45-F633-0D1FE3FD43F5}.Release|Any CPU.ActiveCfg = Release|Any CPU
		{250F7C2A-BDE0-5F45-F633-0D1FE3FD43F5}.Release|Any CPU.Build.0 = Release|Any CPU
		{4BDC19A5-B961-3E21-594C-974731C9182B}.Debug|Any CPU.ActiveCfg = Debug|Any CPU
		{4BDC19A5-B961-3E21-594C-974731C9182B}.Debug|Any CPU.Build.0 = Debug|Any CPU
		{4BDC19A5-B961-3E21-594C-974731C9182B}.Release|Any CPU.ActiveCfg = Release|Any CPU
		{4BDC19A5-B961-3E21-594C-974731C9182B}.Release|Any CPU.Build.0 = Release|Any CPU
		{019AC8FE-5113-C8B4-01A4-0823FFAEF7DF}.Debug|Any CPU.ActiveCfg = Debug|Any CPU
		{019AC8FE-5113-C8B4-01A4-0823FFAEF7DF}.Debug|Any CPU.Build.0 = Debug|Any CPU
		{019AC8FE-5113-C8B4-01A4-0823FFAEF7DF}.Release|Any CPU.ActiveCfg = Release|Any CPU
		{019AC8FE-5113-C8B4-01A4-0823FFAEF7DF}.Release|Any CPU.Build.0 = Release|Any CPU
		{5871DA90-B977-1C53-387F-4F143ABED8FA}.Debug|Any CPU.ActiveCfg = Debug|Any CPU
		{5871DA90-B977-1C53-387F-4F143ABED8FA}.Debug|Any CPU.Build.0 = Debug|Any CPU
		{5871DA90-B977-1C53-387F-4F143ABED8FA}.Release|Any CPU.ActiveCfg = Release|Any CPU
		{5871DA90-B977-1C53-387F-4F143ABED8FA}.Release|Any CPU.Build.0 = Release|Any CPU
		{62C965A0-2369-425C-9F35-51F4A5CB2B0E}.Debug|Any CPU.ActiveCfg = Debug|Any CPU
		{62C965A0-2369-425C-9F35-51F4A5CB2B0E}.Debug|Any CPU.Build.0 = Debug|Any CPU
		{62C965A0-2369-425C-9F35-51F4A5CB2B0E}.Release|Any CPU.ActiveCfg = Release|Any CPU
		{62C965A0-2369-425C-9F35-51F4A5CB2B0E}.Release|Any CPU.Build.0 = Release|Any CPU
	EndGlobalSection
	GlobalSection(SolutionProperties) = preSolution
		HideSolutionNode = FALSE
	EndGlobalSection
	GlobalSection(NestedProjects) = preSolution
		{22E7BFD5-C829-4793-83C6-445944D605F4} = {4996A61A-00E1-4363-9BC7-1F877E4AD933}
		{7F758F8D-D973-4DB5-84D6-B8A5C795A1CB} = {4996A61A-00E1-4363-9BC7-1F877E4AD933}
		{EB7DB360-013B-4F22-BD81-7AA26ECF5120} = {4996A61A-00E1-4363-9BC7-1F877E4AD933}
		{C168F1B9-A30D-429A-B8A1-E77991167E0D} = {4996A61A-00E1-4363-9BC7-1F877E4AD933}
		{A1700147-1310-4DBA-80DA-B157F57F8A7C} = {ABEBED1D-E992-4418-BB01-7BD6335C3C03}
		{275C85A3-98AA-4554-9B03-D288E904CC37} = {ABEBED1D-E992-4418-BB01-7BD6335C3C03}
		{70AB99F5-8E90-4AAD-B844-3BC1F3F50330} = {ABEBED1D-E992-4418-BB01-7BD6335C3C03}
		{82FF7D56-3FC3-46A4-91FF-97A198F7B170} = {ABEBED1D-E992-4418-BB01-7BD6335C3C03}
		{EE28E561-3DCA-441D-AC98-19A350E354FC} = {ABEBED1D-E992-4418-BB01-7BD6335C3C03}
		{883632A4-7D37-496E-9844-D0B2C118C51C} = {F6F4FFFC-FB00-4604-A4DF-DBCDD648D531}
		{F6F4FFFC-FB00-4604-A4DF-DBCDD648D531} = {C5D55C03-F2AD-4DB7-A3B0-B7BB64029E4B}
		{898DCAC1-18AA-437A-BE24-B57FA47D174B} = {E3274C98-899C-4B60-B96E-61122794E8AE}
		{E3274C98-899C-4B60-B96E-61122794E8AE} = {C5D55C03-F2AD-4DB7-A3B0-B7BB64029E4B}
		{0D5495C7-4934-4440-8673-19B7FB10E7F8} = {F6F4FFFC-FB00-4604-A4DF-DBCDD648D531}
		{F18C8FFD-CA34-4D99-9F55-EAF8D45FF083} = {C5D55C03-F2AD-4DB7-A3B0-B7BB64029E4B}
		{44778E26-08C7-48AC-AFCF-BE44165CD5A1} = {F18C8FFD-CA34-4D99-9F55-EAF8D45FF083}
		{5C9B73EA-BB35-45AE-BE0C-22AA6ACE95DA} = {F18C8FFD-CA34-4D99-9F55-EAF8D45FF083}
		{5F41DC01-64FB-41D4-A25B-CFE563F60CE3} = {F18C8FFD-CA34-4D99-9F55-EAF8D45FF083}
		{7D2F0A5C-D5A7-4791-9E55-C382C52F933F} = {C5D55C03-F2AD-4DB7-A3B0-B7BB64029E4B}
		{83112E76-5984-40F1-B5F9-1B92C78F9208} = {7D2F0A5C-D5A7-4791-9E55-C382C52F933F}
		{38E1D540-5C5D-4F81-9A96-58F4DB33667F} = {7D2F0A5C-D5A7-4791-9E55-C382C52F933F}
		{3B2455A4-E53F-4E8F-83A2-21A9528ACD4F} = {C5D55C03-F2AD-4DB7-A3B0-B7BB64029E4B}
		{6EB01163-020A-4F66-877A-9CD5F5D2078E} = {3B2455A4-E53F-4E8F-83A2-21A9528ACD4F}
		{8513C7C7-5A36-4571-B7D6-B2610874D18C} = {3B2455A4-E53F-4E8F-83A2-21A9528ACD4F}
		{97F72C95-A3E6-4FE3-B921-5B4A2A3CBC09} = {3B2455A4-E53F-4E8F-83A2-21A9528ACD4F}
		{EE903929-8E76-42D2-9397-D19BB429518C} = {C5D55C03-F2AD-4DB7-A3B0-B7BB64029E4B}
		{17673507-9B76-4F70-9A39-E5DBF36ACA8D} = {EE903929-8E76-42D2-9397-D19BB429518C}
		{DA8944AA-1D85-4382-9540-41DA70A03369} = {EE903929-8E76-42D2-9397-D19BB429518C}
		{C08628A4-B7AA-4A06-A4CF-D4D769A5CD01} = {C5D55C03-F2AD-4DB7-A3B0-B7BB64029E4B}
		{5665C520-BE82-470A-96E7-9F0B515DB0E5} = {C08628A4-B7AA-4A06-A4CF-D4D769A5CD01}
		{15ACB756-6A61-4E2C-A2AE-C5867751EB8F} = {C08628A4-B7AA-4A06-A4CF-D4D769A5CD01}
		{E3D9BD2E-DCE8-4A7F-A19A-693083C7CFEB} = {C5D55C03-F2AD-4DB7-A3B0-B7BB64029E4B}
		{0BDAAEEF-FF06-480E-A948-4D3F9A5F6C58} = {E3D9BD2E-DCE8-4A7F-A19A-693083C7CFEB}
		{C5969778-88D5-441C-B0AF-420C5AC67304} = {E3D9BD2E-DCE8-4A7F-A19A-693083C7CFEB}
		{795B1930-28AC-404C-9328-EBF01713ACE8} = {C5D55C03-F2AD-4DB7-A3B0-B7BB64029E4B}
		{002632C2-D103-4B19-9759-81DF54CB0B1F} = {795B1930-28AC-404C-9328-EBF01713ACE8}
		{43B7FEB0-72B4-406D-8372-DCB2DB7B6CF8} = {795B1930-28AC-404C-9328-EBF01713ACE8}
		{0EF8A66F-773E-4EC6-8521-ED76842CFBD7} = {795B1930-28AC-404C-9328-EBF01713ACE8}
		{071CEA93-19F6-4D7D-88B1-FBC25D786C1C} = {795B1930-28AC-404C-9328-EBF01713ACE8}
		{940AF760-EC11-48CD-A4E8-FFCB988A45E1} = {C5D55C03-F2AD-4DB7-A3B0-B7BB64029E4B}
		{E8544A26-3918-44B6-A1E4-E2CF20C0291E} = {940AF760-EC11-48CD-A4E8-FFCB988A45E1}
		{47C53D36-2F00-4374-B0B7-66302EB2C736} = {940AF760-EC11-48CD-A4E8-FFCB988A45E1}
		{D98B6B5E-0E54-4F44-823F-B1B73A098955} = {940AF760-EC11-48CD-A4E8-FFCB988A45E1}
		{0AF931E3-FC46-498C-A3AA-93F10635D3E2} = {940AF760-EC11-48CD-A4E8-FFCB988A45E1}
		{E9601DA6-BC0E-4591-94C7-18D6AFD06EF9} = {02EA681E-C7D8-13C7-8484-4AC65E1B71E8}
		{AD02F791-8824-3701-624F-09016EB5C5FA} = {E3274C98-899C-4B60-B96E-61122794E8AE}
		{5916546B-4C5F-63EF-08B0-4404109A3A68} = {7FEC10FF-3766-4245-90A7-09CD2499BA08}
		{607C8226-45D3-40E1-B132-CCE8A62CCAB3} = {02EA681E-C7D8-13C7-8484-4AC65E1B71E8}
		{CC2003A1-BDC6-4B2D-81BC-6CFF7F4A4644} = {8FCDFF68-9BCF-499B-8E2D-7E08E824F40A}
		{A73F30B0-3512-13B5-B285-6724015CD314} = {CC2003A1-BDC6-4B2D-81BC-6CFF7F4A4644}
		{A89450F4-ABA0-4CBD-9BB3-2E0B8FB87EB2} = {8FCDFF68-9BCF-499B-8E2D-7E08E824F40A}
		{6143A75B-34E6-1674-A5CA-CC8CA2291D24} = {A89450F4-ABA0-4CBD-9BB3-2E0B8FB87EB2}
		{B3A28B72-C513-4AAC-BF58-281503EAE22D} = {8FCDFF68-9BCF-499B-8E2D-7E08E824F40A}
		{A4205849-DE91-48F5-B856-36F21E04E94D} = {8FCDFF68-9BCF-499B-8E2D-7E08E824F40A}
		{E1B46328-DB56-4E64-A64B-C8D6503759D8} = {8FCDFF68-9BCF-499B-8E2D-7E08E824F40A}
		{EC64980F-D004-46C5-8C8D-8B34B6773EB8} = {8FCDFF68-9BCF-499B-8E2D-7E08E824F40A}
		{CA10A25D-5D16-1265-7B08-922F80AD522B} = {B3A28B72-C513-4AAC-BF58-281503EAE22D}
		{0F2D7DAE-12FF-1AA7-66F6-33C722452103} = {B3A28B72-C513-4AAC-BF58-281503EAE22D}
		{3ADC2874-4764-0855-2418-FB81F88BCE78} = {A4205849-DE91-48F5-B856-36F21E04E94D}
		{1B491E6F-AE25-82EE-576F-619657578084} = {E1B46328-DB56-4E64-A64B-C8D6503759D8}
		{250F7C2A-BDE0-5F45-F633-0D1FE3FD43F5} = {E1B46328-DB56-4E64-A64B-C8D6503759D8}
		{4BDC19A5-B961-3E21-594C-974731C9182B} = {EC64980F-D004-46C5-8C8D-8B34B6773EB8}
		{019AC8FE-5113-C8B4-01A4-0823FFAEF7DF} = {EC64980F-D004-46C5-8C8D-8B34B6773EB8}
		{57AECA41-35F7-447B-AA33-E95ECBF2FD06} = {8FCDFF68-9BCF-499B-8E2D-7E08E824F40A}
		{5871DA90-B977-1C53-387F-4F143ABED8FA} = {57AECA41-35F7-447B-AA33-E95ECBF2FD06}
		{62C965A0-2369-425C-9F35-51F4A5CB2B0E} = {02EA681E-C7D8-13C7-8484-4AC65E1B71E8}
	EndGlobalSection
	GlobalSection(ExtensibilityGlobals) = postSolution
		SolutionGuid = {69E60B88-9077-484B-AD67-D85641B1F45A}
	EndGlobalSection
EndGlobal
