
Microsoft Visual Studio Solution File, Format Version 12.00
# Visual Studio Version 16
VisualStudioVersion = 16.0.30128.74
MinimumVisualStudioVersion = 10.0.40219.1
Project("{9A19103F-16F7-4668-BE54-9A1E7A4F7556}") = "PageBlockTypeSample", "PageBlockTypeSample\PageBlockTypeSample.csproj", "{7204F099-0EEF-4F90-B78D-EF33683C4F7F}"
EndProject
Project("{FAE04EC0-301F-11D3-BF4B-00C04F79EFBC}") = "PageBlockTypeSample.SharedProject", "PageBlockTypeSample.SharedProject\PageBlockTypeSample.SharedProject.csproj", "{3E79CED8-4B50-4C08-8945-CF3EC6C74010}"
EndProject
Global
	GlobalSection(SolutionConfigurationPlatforms) = preSolution
		Debug|Any CPU = Debug|Any CPU
		Release|Any CPU = Release|Any CPU
	EndGlobalSection
	GlobalSection(ProjectConfigurationPlatforms) = postSolution
		{7204F099-0EEF-4F90-B78D-EF33683C4F7F}.Debug|Any CPU.ActiveCfg = Debug|Any CPU
		{7204F099-0EEF-4F90-B78D-EF33683C4F7F}.Debug|Any CPU.Build.0 = Debug|Any CPU
		{7204F099-0EEF-4F90-B78D-EF33683C4F7F}.Release|Any CPU.ActiveCfg = Release|Any CPU
		{7204F099-0EEF-4F90-B78D-EF33683C4F7F}.Release|Any CPU.Build.0 = Release|Any CPU
		{3E79CED8-4B50-4C08-8945-CF3EC6C74010}.Debug|Any CPU.ActiveCfg = Debug|Any CPU
		{3E79CED8-4B50-4C08-8945-CF3EC6C74010}.Debug|Any CPU.Build.0 = Debug|Any CPU
		{3E79CED8-4B50-4C08-8945-CF3EC6C74010}.Release|Any CPU.ActiveCfg = Release|Any CPU
		{3E79CED8-4B50-4C08-8945-CF3EC6C74010}.Release|Any CPU.Build.0 = Release|Any CPU
	EndGlobalSection
	GlobalSection(SolutionProperties) = preSolution
		HideSolutionNode = FALSE
	EndGlobalSection
	GlobalSection(ExtensibilityGlobals) = postSolution
		SolutionGuid = {BA5533FA-C632-44CE-8F0E-D2C7D1CD06A6}
	EndGlobalSection
EndGlobal
