
Microsoft Visual Studio Solution File, Format Version 12.00
# Visual Studio Version 16
VisualStudioVersion = 16.0.30804.86
MinimumVisualStudioVersion = 10.0.40219.1
Project("{9A19103F-16F7-4668-BE54-9A1E7A4F7556}") = "AuthenticationSample", "AuthenticationSample\AuthenticationSample.csproj", "{73F0A1EC-7B92-412E-B3B6-5674BF544494}"
EndProject
Project("{9A19103F-16F7-4668-BE54-9A1E7A4F7556}") = "RegistrationAndVerificationSample", "RegistrationAndVerificationSample\RegistrationAndVerificationSample.csproj", "{34DD8718-70E2-466B-AB55-C5AA5629865A}"
EndProject
Global
	GlobalSection(SolutionConfigurationPlatforms) = preSolution
		Debug|Any CPU = Debug|Any CPU
		Release|Any CPU = Release|Any CPU
	EndGlobalSection
	GlobalSection(ProjectConfigurationPlatforms) = postSolution
		{73F0A1EC-7B92-412E-B3B6-5674BF544494}.Debug|Any CPU.ActiveCfg = Debug|Any CPU
		{73F0A1EC-7B92-412E-B3B6-5674BF544494}.Debug|Any CPU.Build.0 = Debug|Any CPU
		{73F0A1EC-7B92-412E-B3B6-5674BF544494}.Release|Any CPU.ActiveCfg = Release|Any CPU
		{73F0A1EC-7B92-412E-B3B6-5674BF544494}.Release|Any CPU.Build.0 = Release|Any CPU
		{34DD8718-70E2-466B-AB55-C5AA5629865A}.Debug|Any CPU.ActiveCfg = Debug|Any CPU
		{34DD8718-70E2-466B-AB55-C5AA5629865A}.Debug|Any CPU.Build.0 = Debug|Any CPU
		{34DD8718-70E2-466B-AB55-C5AA5629865A}.Release|Any CPU.ActiveCfg = Release|Any CPU
		{34DD8718-70E2-466B-AB55-C5AA5629865A}.Release|Any CPU.Build.0 = Release|Any CPU
	EndGlobalSection
	GlobalSection(SolutionProperties) = preSolution
		HideSolutionNode = FALSE
	EndGlobalSection
	GlobalSection(ExtensibilityGlobals) = postSolution
		SolutionGuid = {91033219-00D1-44FE-8559-3FB3876C5577}
	EndGlobalSection
EndGlobal
