
Microsoft Visual Studio Solution File, Format Version 12.00
# Visual Studio 15
VisualStudioVersion = 15.0.26430.13
MinimumVisualStudioVersion = 10.0.40219.1
Project("{FAE04EC0-301F-11D3-BF4B-00C04F79EFBC}") = "SimpleSite", "SimpleSite\SimpleSite.csproj", "{3A77B4AF-4EB7-43CC-A1CD-4E693C72DCBD}"
EndProject
Global
	GlobalSection(SolutionConfigurationPlatforms) = preSolution
		Debug|Any CPU = Debug|Any CPU
		Release|Any CPU = Release|Any CPU
	EndGlobalSection
	GlobalSection(ProjectConfigurationPlatforms) = postSolution
		{3A77B4AF-4EB7-43CC-A1CD-4E693C72DCBD}.Debug|Any CPU.ActiveCfg = Debug|Any CPU
		{3A77B4AF-4EB7-43CC-A1CD-4E693C72DCBD}.Debug|Any CPU.Build.0 = Debug|Any CPU
		{3A77B4AF-4EB7-43CC-A1CD-4E693C72DCBD}.Release|Any CPU.ActiveCfg = Release|Any CPU
		{3A77B4AF-4EB7-43CC-A1CD-4E693C72DCBD}.Release|Any CPU.Build.0 = Release|Any CPU
	EndGlobalSection
	GlobalSection(SolutionProperties) = preSolution
		HideSolutionNode = FALSE
	EndGlobalSection
EndGlobal
