
Microsoft Visual Studio Solution File, Format Version 12.00
# Visual Studio 14
VisualStudioVersion = 14.0.25123.0
MinimumVisualStudioVersion = 10.0.40219.1
Project("{FAE04EC0-301F-11D3-BF4B-00C04F79EFBC}") = "Cofoundry.Core", "Cofoundry.Core\Cofoundry.Core.csproj", "{B06A84C3-005B-4FFA-9C9A-81A96B59E1D4}"
EndProject
Project("{FAE04EC0-301F-11D3-BF4B-00C04F79EFBC}") = "Cofoundry.Domain", "Cofoundry.Domain\Cofoundry.Domain.csproj", "{64809192-86DE-490A-8DAD-5F1550499A86}"
EndProject
Project("{FAE04EC0-301F-11D3-BF4B-00C04F79EFBC}") = "Cofoundry.Web", "Cofoundry.Web\Cofoundry.Web.csproj", "{DD92DAF1-5AA2-4498-A83B-A2F5A0434C2D}"
EndProject
Project("{FAE04EC0-301F-11D3-BF4B-00C04F79EFBC}") = "Cofoundry.Web.Admin", "Cofoundry.Web.Admin\Cofoundry.Web.Admin.csproj", "{2A937234-77BC-42D2-B8CA-97CC0962ACD5}"
EndProject
Global
	GlobalSection(SolutionConfigurationPlatforms) = preSolution
		Debug|Any CPU = Debug|Any CPU
		Release|Any CPU = Release|Any CPU
	EndGlobalSection
	GlobalSection(ProjectConfigurationPlatforms) = postSolution
		{B06A84C3-005B-4FFA-9C9A-81A96B59E1D4}.Debug|Any CPU.ActiveCfg = Debug|Any CPU
		{B06A84C3-005B-4FFA-9C9A-81A96B59E1D4}.Debug|Any CPU.Build.0 = Debug|Any CPU
		{B06A84C3-005B-4FFA-9C9A-81A96B59E1D4}.Release|Any CPU.ActiveCfg = Release|Any CPU
		{B06A84C3-005B-4FFA-9C9A-81A96B59E1D4}.Release|Any CPU.Build.0 = Release|Any CPU
		{64809192-86DE-490A-8DAD-5F1550499A86}.Debug|Any CPU.ActiveCfg = Debug|Any CPU
		{64809192-86DE-490A-8DAD-5F1550499A86}.Debug|Any CPU.Build.0 = Debug|Any CPU
		{64809192-86DE-490A-8DAD-5F1550499A86}.Release|Any CPU.ActiveCfg = Release|Any CPU
		{64809192-86DE-490A-8DAD-5F1550499A86}.Release|Any CPU.Build.0 = Release|Any CPU
		{DD92DAF1-5AA2-4498-A83B-A2F5A0434C2D}.Debug|Any CPU.ActiveCfg = Debug|Any CPU
		{DD92DAF1-5AA2-4498-A83B-A2F5A0434C2D}.Debug|Any CPU.Build.0 = Debug|Any CPU
		{DD92DAF1-5AA2-4498-A83B-A2F5A0434C2D}.Release|Any CPU.ActiveCfg = Release|Any CPU
		{DD92DAF1-5AA2-4498-A83B-A2F5A0434C2D}.Release|Any CPU.Build.0 = Release|Any CPU
		{2A937234-77BC-42D2-B8CA-97CC0962ACD5}.Debug|Any CPU.ActiveCfg = Debug|Any CPU
		{2A937234-77BC-42D2-B8CA-97CC0962ACD5}.Debug|Any CPU.Build.0 = Debug|Any CPU
		{2A937234-77BC-42D2-B8CA-97CC0962ACD5}.Release|Any CPU.ActiveCfg = Release|Any CPU
		{2A937234-77BC-42D2-B8CA-97CC0962ACD5}.Release|Any CPU.Build.0 = Release|Any CPU
	EndGlobalSection
	GlobalSection(SolutionProperties) = preSolution
		HideSolutionNode = FALSE
	EndGlobalSection
EndGlobal
