
Microsoft Visual Studio Solution File, Format Version 12.00
# Visual Studio 15
VisualStudioVersion = 15.0.27130.2027
MinimumVisualStudioVersion = 10.0.40219.1
Project("{FAE04EC0-301F-11D3-BF4B-00C04F79EFBC}") = "MenuSample", "MenuSample\MenuSample.csproj", "{0D0956A6-25AA-4F2E-A824-CF2ABCF58479}"
EndProject
Global
	GlobalSection(SolutionConfigurationPlatforms) = preSolution
		Debug|Any CPU = Debug|Any CPU
		Release|Any CPU = Release|Any CPU
	EndGlobalSection
	GlobalSection(ProjectConfigurationPlatforms) = postSolution
		{0D0956A6-25AA-4F2E-A824-CF2ABCF58479}.Debug|Any CPU.ActiveCfg = Debug|Any CPU
		{0D0956A6-25AA-4F2E-A824-CF2ABCF58479}.Debug|Any CPU.Build.0 = Debug|Any CPU
		{0D0956A6-25AA-4F2E-A824-CF2ABCF58479}.Release|Any CPU.ActiveCfg = Release|Any CPU
		{0D0956A6-25AA-4F2E-A824-CF2ABCF58479}.Release|Any CPU.Build.0 = Release|Any CPU
	EndGlobalSection
	GlobalSection(SolutionProperties) = preSolution
		HideSolutionNode = FALSE
	EndGlobalSection
	GlobalSection(ExtensibilityGlobals) = postSolution
		SolutionGuid = {DBF31B00-E9E0-4E7E-A89A-223C6FBB5401}
	EndGlobalSection
EndGlobal
